// !$*UTF8*$!
{
	archiveVersion = 1;
	classes = {
	};
	objectVersion = 70;
	objects = {

/* Begin PBXBuildFile section */
		02BC5A8542EF019CB83FD339 /* RestDaySheet.swift in Sources */ = {isa = PBXBuildFile; fileRef = F73C06167BE142294FE4DC6B /* RestDaySheet.swift */; };
		07A2DF1099DB657ABFC80ECD /* LeaderboardComparisonView.swift in Sources */ = {isa = PBXBuildFile; fileRef = 8F4DFF79F40BD17D3BD30676 /* LeaderboardComparisonView.swift */; };
		0CBD80B5F2BF685E9A25975A /* ShareAndStartView.swift in Sources */ = {isa = PBXBuildFile; fileRef = 4AA0EE3B5933B5CA86F07738 /* ShareAndStartView.swift */; };
		13583DDFC7582F0EED7CA376 /* DataRefreshService.swift in Sources */ = {isa = PBXBuildFile; fileRef = 0F8F62398D0F0903658230BF /* DataRefreshService.swift */; };
		16B1FF5301CE5A80830AE226 /* GeneratedWorkoutPreviewView.swift in Sources */ = {isa = PBXBuildFile; fileRef = 729A06A69503F847968B8FE8 /* GeneratedWorkoutPreviewView.swift */; };
		17FC49E20FDE8400EE619277 /* ChallengeSyncService.swift in Sources */ = {isa = PBXBuildFile; fileRef = BDE8C0CCE0E2021ADC92B245 /* ChallengeSyncService.swift */; };
		1854FFBA2C29A8B238606592 /* SavedWorkoutsSection.swift in Sources */ = {isa = PBXBuildFile; fileRef = 26EA48A0221EF7ACCF930694 /* SavedWorkoutsSection.swift */; };
		2495E145343244E389A77031 /* ProgramDetailView.swift in Sources */ = {isa = PBXBuildFile; fileRef = 7F3556A33BBFB6AD8A603A90 /* ProgramDetailView.swift */; };
		2BF3D2DAC5782E531D884252 /* ProgramModels.swift in Sources */ = {isa = PBXBuildFile; fileRef = A0FB9B5235A84581DC10BEF3 /* ProgramModels.swift */; };
		31DE3D2E5A905BE65ACCE429 /* ProgramBrowserView.swift in Sources */ = {isa = PBXBuildFile; fileRef = CF2C52A1BAFEDFFCB33C6961 /* ProgramBrowserView.swift */; };
		3261551721C8946D58598FF7 /* HealthKitImportView.swift in Sources */ = {isa = PBXBuildFile; fileRef = 43A94995AB949181CC227C3B /* HealthKitImportView.swift */; };
		37E93B1BAF5414A98182375C /* InvitationResponseView.swift in Sources */ = {isa = PBXBuildFile; fileRef = 73F91CE0AC03799A54AE1093 /* InvitationResponseView.swift */; };
		3BF338C6CBA417B0DC63273B /* WorkoutBuddyPickerView.swift in Sources */ = {isa = PBXBuildFile; fileRef = F7D77888AF501B7F7DA9439C /* WorkoutBuddyPickerView.swift */; };
		3C9A03254A79020ADE02ADF2 /* AIConfigManager.swift in Sources */ = {isa = PBXBuildFile; fileRef = 700191B0106462C23D1072CB /* AIConfigManager.swift */; };
		3E29FB62FA3ED5B5C9D97B67 /* WorkoutMessageComposer.swift in Sources */ = {isa = PBXBuildFile; fileRef = 5F8DF74DC9FE258646B2CFA7 /* WorkoutMessageComposer.swift */; };
		4B52C819A98F1DF88F3251A6 /* ActivityTimerView.swift in Sources */ = {isa = PBXBuildFile; fileRef = 6511244DDE3034EC0FA2F000 /* ActivityTimerView.swift */; };
		6A9ECF10C155DEBFE609F52E /* HealthInsightsEngine.swift in Sources */ = {isa = PBXBuildFile; fileRef = 8A4480DE0E641386A5A4D60E /* HealthInsightsEngine.swift */; };
		6FFC4E36BE2CBDD4C8BEBFCF /* ChallengeStatsView.swift in Sources */ = {isa = PBXBuildFile; fileRef = 11281B6C9663C867E467687C /* ChallengeStatsView.swift */; };
		7033BACC99027626A59F27A6 /* WorkoutGeneratorEngine.swift in Sources */ = {isa = PBXBuildFile; fileRef = B126C6A462F4E43643C5DB19 /* WorkoutGeneratorEngine.swift */; };
		72A67F25E985B019A9AC19B2 /* ChallengeTimerService.swift in Sources */ = {isa = PBXBuildFile; fileRef = 0DEABBF980288963574555B7 /* ChallengeTimerService.swift */; };
		73876A112EFAC6CD00EA8B0C /* WatchConnectivityManager.swift in Sources */ = {isa = PBXBuildFile; fileRef = 73876A102EFAC6CD00EA8B0C /* WatchConnectivityManager.swift */; };
		73876A1A2EFAD01600EA8B0C /* CoreFitnessWatch Watch App.app in Embed Watch Content */ = {isa = PBXBuildFile; fileRef = 73876A192EFAD01600EA8B0C /* CoreFitnessWatch Watch App.app */; settings = {ATTRIBUTES = (RemoveHeadersOnCopy, ); }; };
		73F1A7F62EFB5CF60037175B /* WidgetKit.framework in Frameworks */ = {isa = PBXBuildFile; fileRef = 73F1A7F52EFB5CF60037175B /* WidgetKit.framework */; };
		73F1A7F82EFB5CF60037175B /* SwiftUI.framework in Frameworks */ = {isa = PBXBuildFile; fileRef = 73F1A7F72EFB5CF60037175B /* SwiftUI.framework */; };
		73F1A8052EFB5CF80037175B /* CoreFitnessWidgetsExtension.appex in Embed Foundation Extensions */ = {isa = PBXBuildFile; fileRef = 73F1A7F32EFB5CF60037175B /* CoreFitnessWidgetsExtension.appex */; settings = {ATTRIBUTES = (RemoveHeadersOnCopy, ); }; };
		7F12326F3CC33DE8F4D3B125 /* CardioTrackingView.swift in Sources */ = {isa = PBXBuildFile; fileRef = 9300AA92210CD823CF0914AF /* CardioTrackingView.swift */; };
		81B5AAE6A24C1BD1DFFDF702 /* WorkoutQuestionnaireView.swift in Sources */ = {isa = PBXBuildFile; fileRef = 7CB361A6D8F35F22389D6BBC /* WorkoutQuestionnaireView.swift */; };
		8CE7238AAC69E89F98D7CF3F /* WorkoutRecoveryCard.swift in Sources */ = {isa = PBXBuildFile; fileRef = F13E02CFA94D1CF3E8536CE1 /* WorkoutRecoveryCard.swift */; };
		8E8F4A8E1A66573DF0D4F1BF /* ExerciseAssets.xcassets in Resources */ = {isa = PBXBuildFile; fileRef = 8DC953E43EDF32760CEC7DE3 /* ExerciseAssets.xcassets */; };
		8E9E199DB13EDF96B7C7ECAF /* UserProfileManager.swift in Sources */ = {isa = PBXBuildFile; fileRef = E20C834047ACB1A82DFBF0D7 /* UserProfileManager.swift */; };
		9632EABE73E1C1B67F6B490B /* WeeklyStatsCard.swift in Sources */ = {isa = PBXBuildFile; fileRef = FE713E07727D3AA9E3A785DA /* WeeklyStatsCard.swift */; };
		972BF13CD60FB236A10C6472 /* AIProxyService.swift in Sources */ = {isa = PBXBuildFile; fileRef = E3825E0F42746AE16DF386DA /* AIProxyService.swift */; };
		9AB8DB64F3FA1F65052C11F7 /* WorkoutInvitationService.swift in Sources */ = {isa = PBXBuildFile; fileRef = B55EFB7428D28632C9A88E21 /* WorkoutInvitationService.swift */; };
		A1000001 /* CoreFitnessApp.swift in Sources */ = {isa = PBXBuildFile; fileRef = A2000001 /* CoreFitnessApp.swift */; };
		A1000002 /* ContentView.swift in Sources */ = {isa = PBXBuildFile; fileRef = A2000002 /* ContentView.swift */; };
		A1000003 /* AuthManager.swift in Sources */ = {isa = PBXBuildFile; fileRef = A2000003 /* AuthManager.swift */; };
		A1000004 /* HealthKitManager.swift in Sources */ = {isa = PBXBuildFile; fileRef = A2000004 /* HealthKitManager.swift */; };
		A1000005 /* ThemeManager.swift in Sources */ = {isa = PBXBuildFile; fileRef = A2000005 /* ThemeManager.swift */; };
		A1000006 /* HealthView.swift in Sources */ = {isa = PBXBuildFile; fileRef = A2000006 /* HealthView.swift */; };
		A1000007 /* DailyCheckInView.swift in Sources */ = {isa = PBXBuildFile; fileRef = A2000007 /* DailyCheckInView.swift */; };
		A1000008 /* HomeView.swift in Sources */ = {isa = PBXBuildFile; fileRef = A2000008 /* HomeView.swift */; };
		A1000009 /* OnboardingView.swift in Sources */ = {isa = PBXBuildFile; fileRef = A2000009 /* OnboardingView.swift */; };
		A1000010 /* ProgramsView.swift in Sources */ = {isa = PBXBuildFile; fileRef = A2000010 /* ProgramsView.swift */; };
		A1000011 /* SettingsView.swift in Sources */ = {isa = PBXBuildFile; fileRef = A2000011 /* SettingsView.swift */; };
		A1000012 /* Assets.xcassets in Resources */ = {isa = PBXBuildFile; fileRef = A2000012 /* Assets.xcassets */; };
		A1000013 /* NotificationManager.swift in Sources */ = {isa = PBXBuildFile; fileRef = A2000014 /* NotificationManager.swift */; };
		A1000014 /* SectionCard.swift in Sources */ = {isa = PBXBuildFile; fileRef = A2000015 /* SectionCard.swift */; };
		A1000016 /* AppDesignSystem.swift in Sources */ = {isa = PBXBuildFile; fileRef = A2000016 /* AppDesignSystem.swift */; };
		A1000017 /* ProgressTabView.swift in Sources */ = {isa = PBXBuildFile; fileRef = A2000017 /* ProgressTabView.swift */; };
		A1000020 /* WorkoutModels.swift in Sources */ = {isa = PBXBuildFile; fileRef = A2000020 /* WorkoutModels.swift */; };
		A1000021 /* WorkoutManager.swift in Sources */ = {isa = PBXBuildFile; fileRef = A2000021 /* WorkoutManager.swift */; };
		A1000022 /* WorkoutExecutionView.swift in Sources */ = {isa = PBXBuildFile; fileRef = A2000022 /* WorkoutExecutionView.swift */; };
		A1000023 /* CountdownView.swift in Sources */ = {isa = PBXBuildFile; fileRef = A2000023 /* CountdownView.swift */; };
		A1000024 /* ExerciseCardView.swift in Sources */ = {isa = PBXBuildFile; fileRef = A2000024 /* ExerciseCardView.swift */; };
		A1000025 /* WorkoutHeaderBar.swift in Sources */ = {isa = PBXBuildFile; fileRef = A2000025 /* WorkoutHeaderBar.swift */; };
		A1000026 /* SetLoggerSheet.swift in Sources */ = {isa = PBXBuildFile; fileRef = A2000026 /* SetLoggerSheet.swift */; };
		A1000027 /* RestTimerView.swift in Sources */ = {isa = PBXBuildFile; fileRef = A2000027 /* RestTimerView.swift */; };
		A1000028 /* ExerciseTransitionView.swift in Sources */ = {isa = PBXBuildFile; fileRef = A2000028 /* ExerciseTransitionView.swift */; };
		A1000029 /* WorkoutCompleteView.swift in Sources */ = {isa = PBXBuildFile; fileRef = A2000029 /* WorkoutCompleteView.swift */; };
		A100002A /* SampleWorkoutData.swift in Sources */ = {isa = PBXBuildFile; fileRef = A200002A /* SampleWorkoutData.swift */; };
		A100002B /* LiveActivityManager.swift in Sources */ = {isa = PBXBuildFile; fileRef = A200002C /* LiveActivityManager.swift */; };
		A1000050 /* WorkoutActivityAttributes.swift in Sources */ = {isa = PBXBuildFile; fileRef = A2000050 /* WorkoutActivityAttributes.swift */; };
		A1000051 /* FitnessDataModels.swift in Sources */ = {isa = PBXBuildFile; fileRef = A2000051 /* FitnessDataModels.swift */; };
		A1000052 /* AchievementDefinitions.swift in Sources */ = {isa = PBXBuildFile; fileRef = A2000052 /* AchievementDefinitions.swift */; };
		A1000053 /* FitnessDataService.swift in Sources */ = {isa = PBXBuildFile; fileRef = A2000053 /* FitnessDataService.swift */; };
		A1000054 /* SocialSharingService.swift in Sources */ = {isa = PBXBuildFile; fileRef = A2000054 /* SocialSharingService.swift */; };
		A1000055 /* DebugDataView.swift in Sources */ = {isa = PBXBuildFile; fileRef = A2000055 /* DebugDataView.swift */; };
		A1000056 /* AchievementWallView.swift in Sources */ = {isa = PBXBuildFile; fileRef = A2000056 /* AchievementWallView.swift */; };
		A1000057 /* ChallengeModels.swift in Sources */ = {isa = PBXBuildFile; fileRef = A2000057 /* ChallengeModels.swift */; };
		A1000058 /* ExerciseData.swift in Sources */ = {isa = PBXBuildFile; fileRef = A2000058 /* ExerciseData.swift */; };
		A1000059 /* ChallengesView.swift in Sources */ = {isa = PBXBuildFile; fileRef = A2000059 /* ChallengesView.swift */; };
		A100005A /* MusicService.swift in Sources */ = {isa = PBXBuildFile; fileRef = A200005A /* MusicService.swift */; };
		A100005B /* AnimatedComponents.swift in Sources */ = {isa = PBXBuildFile; fileRef = A200005B /* AnimatedComponents.swift */; };
		A100005E /* WaterIntakeManager.swift in Sources */ = {isa = PBXBuildFile; fileRef = A200005E /* WaterIntakeManager.swift */; };
		A88C4D597EE0D6C22205CB09 /* RecoveryCard.swift in Sources */ = {isa = PBXBuildFile; fileRef = E9DB23176C1B840FEC1EEEA7 /* RecoveryCard.swift */; };
		AF772E53833CF0ED2D52EDFE /* ActiveProgramManager.swift in Sources */ = {isa = PBXBuildFile; fileRef = 540788C807962D02700F417E /* ActiveProgramManager.swift */; };
		B19D8DF0FB3D5AF6F0E7E9D4 /* RestDay.swift in Sources */ = {isa = PBXBuildFile; fileRef = 128069D38F1CB7F88EB0C832 /* RestDay.swift */; };
		B4258C95994741A30DDB97AC /* WorkoutInvitation.swift in Sources */ = {isa = PBXBuildFile; fileRef = AF46D85E08F9C708832915F0 /* WorkoutInvitation.swift */; };
		BEDECC4398743C0955939EF5 /* AIInsightsService.swift in Sources */ = {isa = PBXBuildFile; fileRef = ADC099AE108C90A731056258 /* AIInsightsService.swift */; };
		C0613ED19607199E01089280 /* WorkoutCalendarView.swift in Sources */ = {isa = PBXBuildFile; fileRef = 051B22AF40816F7ABAA20667 /* WorkoutCalendarView.swift */; };
		C3137246214E7D86C48F9D20 /* AIProvider.swift in Sources */ = {isa = PBXBuildFile; fileRef = 5CC4ED5A3CD0304DED031C6E /* AIProvider.swift */; };
		C3B3AA73DEEAF2D43FB667EA /* ChallengeDailyCheckInView.swift in Sources */ = {isa = PBXBuildFile; fileRef = 6F754F932FBC86FD22105A18 /* ChallengeDailyCheckInView.swift */; };
		C5E0491DF7D11B692F761D5E /* WeeklySummaryView.swift in Sources */ = {isa = PBXBuildFile; fileRef = 0DBC7ADC5BD1621CA1591D39 /* WeeklySummaryView.swift */; };
		C90225DD662A503C1104EF2B /* WaterTrackerView.swift in Sources */ = {isa = PBXBuildFile; fileRef = 136857BC33DAB06E07388ECA /* WaterTrackerView.swift */; };
		CF8C0F984863B28C4575539A /* StrengthTrackingView.swift in Sources */ = {isa = PBXBuildFile; fileRef = BA8E3E40044135313012B0B3 /* StrengthTrackingView.swift */; };
		D2F6418FB376E7D2F1202790 /* WorkoutQuestionnaire.swift in Sources */ = {isa = PBXBuildFile; fileRef = AA60B77033478028123EA4CD /* WorkoutQuestionnaire.swift */; };
		E10EED454D35070855ED56D0 /* SideBySideComparisonView.swift in Sources */ = {isa = PBXBuildFile; fileRef = 8999988B9B03EE39A9F8AE2A /* SideBySideComparisonView.swift */; };
		EAA414D175CE11A3CE6A2090 /* CloudKitStatusService.swift in Sources */ = {isa = PBXBuildFile; fileRef = 1C381ADC9DF39D44304172C3 /* CloudKitStatusService.swift */; };
		F0EB427EE83F44DECF41A717 /* ChartComparisonView.swift in Sources */ = {isa = PBXBuildFile; fileRef = 93B16CF86D362E6C4AF87DF5 /* ChartComparisonView.swift */; };
		F26243080AA909F572CF4294 /* WorkoutDashboardView.swift in Sources */ = {isa = PBXBuildFile; fileRef = 3F2E6054D2887AE6F6C748E1 /* WorkoutDashboardView.swift */; };
		FB47CE1ED3BB2A2A41DCDF87 /* MoodTrackerView.swift in Sources */ = {isa = PBXBuildFile; fileRef = BB87F8B4F791976DC37F1D30 /* MoodTrackerView.swift */; };
		FBBEEFCDE17376FE2DEF046E /* ChallengeComparisonView.swift in Sources */ = {isa = PBXBuildFile; fileRef = 957031145F52C39E3A7C4EB0 /* ChallengeComparisonView.swift */; };
		FBFB0190E569972BA815EC81 /* ProgramData.swift in Sources */ = {isa = PBXBuildFile; fileRef = 6E0C2754A7AB3EEF80A8AF1D /* ProgramData.swift */; };
/* End PBXBuildFile section */

/* Begin PBXContainerItemProxy section */
		73876A1B2EFAD01600EA8B0C /* PBXContainerItemProxy */ = {
			isa = PBXContainerItemProxy;
			containerPortal = A8000001 /* Project object */;
			proxyType = 1;
			remoteGlobalIDString = 73876A182EFAD01600EA8B0C;
			remoteInfo = "CoreFitnessWatch Watch App";
		};
		73876A292EFAD01800EA8B0C /* PBXContainerItemProxy */ = {
			isa = PBXContainerItemProxy;
			containerPortal = A8000001 /* Project object */;
			proxyType = 1;
			remoteGlobalIDString = 73876A182EFAD01600EA8B0C;
			remoteInfo = "CoreFitnessWatch Watch App";
		};
		73876A332EFAD01800EA8B0C /* PBXContainerItemProxy */ = {
			isa = PBXContainerItemProxy;
			containerPortal = A8000001 /* Project object */;
			proxyType = 1;
			remoteGlobalIDString = 73876A182EFAD01600EA8B0C;
			remoteInfo = "CoreFitnessWatch Watch App";
		};
		73F1A8032EFB5CF80037175B /* PBXContainerItemProxy */ = {
			isa = PBXContainerItemProxy;
			containerPortal = A8000001 /* Project object */;
			proxyType = 1;
			remoteGlobalIDString = 73F1A7F22EFB5CF60037175B;
			remoteInfo = CoreFitnessWidgetsExtension;
		};
/* End PBXContainerItemProxy section */

/* Begin PBXCopyFilesBuildPhase section */
		73876A3D2EFAD01800EA8B0C /* Embed Watch Content */ = {
			isa = PBXCopyFilesBuildPhase;
			buildActionMask = 2147483647;
			dstPath = "$(CONTENTS_FOLDER_PATH)/Watch";
			dstSubfolderSpec = 16;
			files = (
				73876A1A2EFAD01600EA8B0C /* CoreFitnessWatch Watch App.app in Embed Watch Content */,
			);
			name = "Embed Watch Content";
			runOnlyForDeploymentPostprocessing = 0;
		};
		73F1A8062EFB5CF80037175B /* Embed Foundation Extensions */ = {
			isa = PBXCopyFilesBuildPhase;
			buildActionMask = 2147483647;
			dstPath = "";
			dstSubfolderSpec = 13;
			files = (
				73F1A8052EFB5CF80037175B /* CoreFitnessWidgetsExtension.appex in Embed Foundation Extensions */,
			);
			name = "Embed Foundation Extensions";
			runOnlyForDeploymentPostprocessing = 0;
		};
/* End PBXCopyFilesBuildPhase section */

/* Begin PBXFileReference section */
		051B22AF40816F7ABAA20667 /* WorkoutCalendarView.swift */ = {isa = PBXFileReference; includeInIndex = 1; lastKnownFileType = sourcecode.swift; path = WorkoutCalendarView.swift; sourceTree = "<group>"; };
		0DBC7ADC5BD1621CA1591D39 /* WeeklySummaryView.swift */ = {isa = PBXFileReference; includeInIndex = 1; lastKnownFileType = sourcecode.swift; path = WeeklySummaryView.swift; sourceTree = "<group>"; };
		0DEABBF980288963574555B7 /* ChallengeTimerService.swift */ = {isa = PBXFileReference; includeInIndex = 1; lastKnownFileType = sourcecode.swift; path = ChallengeTimerService.swift; sourceTree = "<group>"; };
		0F8F62398D0F0903658230BF /* DataRefreshService.swift */ = {isa = PBXFileReference; includeInIndex = 1; lastKnownFileType = sourcecode.swift; path = DataRefreshService.swift; sourceTree = "<group>"; };
		11281B6C9663C867E467687C /* ChallengeStatsView.swift */ = {isa = PBXFileReference; includeInIndex = 1; lastKnownFileType = sourcecode.swift; path = ChallengeStatsView.swift; sourceTree = "<group>"; };
		128069D38F1CB7F88EB0C832 /* RestDay.swift */ = {isa = PBXFileReference; includeInIndex = 1; lastKnownFileType = sourcecode.swift; path = RestDay.swift; sourceTree = "<group>"; };
		136857BC33DAB06E07388ECA /* WaterTrackerView.swift */ = {isa = PBXFileReference; includeInIndex = 1; lastKnownFileType = sourcecode.swift; path = WaterTrackerView.swift; sourceTree = "<group>"; };
		1C381ADC9DF39D44304172C3 /* CloudKitStatusService.swift */ = {isa = PBXFileReference; includeInIndex = 1; lastKnownFileType = sourcecode.swift; path = CloudKitStatusService.swift; sourceTree = "<group>"; };
		26EA48A0221EF7ACCF930694 /* SavedWorkoutsSection.swift */ = {isa = PBXFileReference; includeInIndex = 1; lastKnownFileType = sourcecode.swift; path = SavedWorkoutsSection.swift; sourceTree = "<group>"; };
		3F2E6054D2887AE6F6C748E1 /* WorkoutDashboardView.swift */ = {isa = PBXFileReference; includeInIndex = 1; lastKnownFileType = sourcecode.swift; path = WorkoutDashboardView.swift; sourceTree = "<group>"; };
		43A94995AB949181CC227C3B /* HealthKitImportView.swift */ = {isa = PBXFileReference; includeInIndex = 1; lastKnownFileType = sourcecode.swift; path = HealthKitImportView.swift; sourceTree = "<group>"; };
		4AA0EE3B5933B5CA86F07738 /* ShareAndStartView.swift */ = {isa = PBXFileReference; includeInIndex = 1; lastKnownFileType = sourcecode.swift; path = ShareAndStartView.swift; sourceTree = "<group>"; };
		540788C807962D02700F417E /* ActiveProgramManager.swift */ = {isa = PBXFileReference; includeInIndex = 1; lastKnownFileType = sourcecode.swift; path = ActiveProgramManager.swift; sourceTree = "<group>"; };
		5CC4ED5A3CD0304DED031C6E /* AIProvider.swift */ = {isa = PBXFileReference; includeInIndex = 1; lastKnownFileType = sourcecode.swift; path = AIProvider.swift; sourceTree = "<group>"; };
		5F8DF74DC9FE258646B2CFA7 /* WorkoutMessageComposer.swift */ = {isa = PBXFileReference; includeInIndex = 1; lastKnownFileType = sourcecode.swift; path = WorkoutMessageComposer.swift; sourceTree = "<group>"; };
		6511244DDE3034EC0FA2F000 /* ActivityTimerView.swift */ = {isa = PBXFileReference; includeInIndex = 1; lastKnownFileType = sourcecode.swift; path = ActivityTimerView.swift; sourceTree = "<group>"; };
		6E0C2754A7AB3EEF80A8AF1D /* ProgramData.swift */ = {isa = PBXFileReference; includeInIndex = 1; lastKnownFileType = sourcecode.swift; name = ProgramData.swift; path = ProgramData.swift; sourceTree = "<group>"; };
		6F754F932FBC86FD22105A18 /* ChallengeDailyCheckInView.swift */ = {isa = PBXFileReference; includeInIndex = 1; lastKnownFileType = sourcecode.swift; path = ChallengeDailyCheckInView.swift; sourceTree = "<group>"; };
		700191B0106462C23D1072CB /* AIConfigManager.swift */ = {isa = PBXFileReference; includeInIndex = 1; lastKnownFileType = sourcecode.swift; path = AIConfigManager.swift; sourceTree = "<group>"; };
		729A06A69503F847968B8FE8 /* GeneratedWorkoutPreviewView.swift */ = {isa = PBXFileReference; includeInIndex = 1; lastKnownFileType = sourcecode.swift; path = GeneratedWorkoutPreviewView.swift; sourceTree = "<group>"; };
		73876A102EFAC6CD00EA8B0C /* WatchConnectivityManager.swift */ = {isa = PBXFileReference; lastKnownFileType = sourcecode.swift; path = WatchConnectivityManager.swift; sourceTree = "<group>"; };
		73876A142EFAD01600EA8B0C /* CoreFitnessWatch.app */ = {isa = PBXFileReference; explicitFileType = wrapper.application; includeInIndex = 0; path = CoreFitnessWatch.app; sourceTree = BUILT_PRODUCTS_DIR; };
		73876A192EFAD01600EA8B0C /* CoreFitnessWatch Watch App.app */ = {isa = PBXFileReference; explicitFileType = wrapper.application; includeInIndex = 0; path = "CoreFitnessWatch Watch App.app"; sourceTree = BUILT_PRODUCTS_DIR; };
		73876A282EFAD01800EA8B0C /* CoreFitnessWatch Watch AppTests.xctest */ = {isa = PBXFileReference; explicitFileType = wrapper.cfbundle; includeInIndex = 0; path = "CoreFitnessWatch Watch AppTests.xctest"; sourceTree = BUILT_PRODUCTS_DIR; };
		73876A322EFAD01800EA8B0C /* CoreFitnessWatch Watch AppUITests.xctest */ = {isa = PBXFileReference; explicitFileType = wrapper.cfbundle; includeInIndex = 0; path = "CoreFitnessWatch Watch AppUITests.xctest"; sourceTree = BUILT_PRODUCTS_DIR; };
		73F1A7F32EFB5CF60037175B /* CoreFitnessWidgetsExtension.appex */ = {isa = PBXFileReference; explicitFileType = "wrapper.app-extension"; includeInIndex = 0; path = CoreFitnessWidgetsExtension.appex; sourceTree = BUILT_PRODUCTS_DIR; };
		73F1A7F52EFB5CF60037175B /* WidgetKit.framework */ = {isa = PBXFileReference; lastKnownFileType = wrapper.framework; name = WidgetKit.framework; path = System/Library/Frameworks/WidgetKit.framework; sourceTree = SDKROOT; };
		73F1A7F72EFB5CF60037175B /* SwiftUI.framework */ = {isa = PBXFileReference; lastKnownFileType = wrapper.framework; name = SwiftUI.framework; path = System/Library/Frameworks/SwiftUI.framework; sourceTree = SDKROOT; };
		73F1AB6C2EFC32DA0037175B /* Info.plist */ = {isa = PBXFileReference; lastKnownFileType = text.plist.xml; path = Info.plist; sourceTree = "<group>"; };
		73F1ABCE2EFC33440037175B /* CoreFitnessTests.swift */ = {isa = PBXFileReference; lastKnownFileType = sourcecode.swift; path = CoreFitnessTests.swift; sourceTree = "<group>"; };
		73F1ABD02EFC33810037175B /* BUILD_FIX_SUMMARY.md */ = {isa = PBXFileReference; lastKnownFileType = net.daringfireball.markdown; path = BUILD_FIX_SUMMARY.md; sourceTree = "<group>"; };
		73F1ABD22EFC33900037175B /* cleanup_build.sh */ = {isa = PBXFileReference; lastKnownFileType = text.script.sh; path = cleanup_build.sh; sourceTree = "<group>"; };
		73F1ABD42EFC33B00037175B /* PRE_BUILD_CHECKLIST.md */ = {isa = PBXFileReference; lastKnownFileType = net.daringfireball.markdown; path = PRE_BUILD_CHECKLIST.md; sourceTree = "<group>"; };
		73F1ABD62EFC33CA0037175B /* QUICK_START.md */ = {isa = PBXFileReference; lastKnownFileType = net.daringfireball.markdown; path = QUICK_START.md; sourceTree = "<group>"; };
		73F91CE0AC03799A54AE1093 /* InvitationResponseView.swift */ = {isa = PBXFileReference; includeInIndex = 1; lastKnownFileType = sourcecode.swift; path = InvitationResponseView.swift; sourceTree = "<group>"; };
		7CB361A6D8F35F22389D6BBC /* WorkoutQuestionnaireView.swift */ = {isa = PBXFileReference; includeInIndex = 1; lastKnownFileType = sourcecode.swift; path = WorkoutQuestionnaireView.swift; sourceTree = "<group>"; };
		7F3556A33BBFB6AD8A603A90 /* ProgramDetailView.swift */ = {isa = PBXFileReference; includeInIndex = 1; lastKnownFileType = sourcecode.swift; name = ProgramDetailView.swift; path = ProgramDetailView.swift; sourceTree = "<group>"; };
		8999988B9B03EE39A9F8AE2A /* SideBySideComparisonView.swift */ = {isa = PBXFileReference; includeInIndex = 1; lastKnownFileType = sourcecode.swift; path = SideBySideComparisonView.swift; sourceTree = "<group>"; };
		8A4480DE0E641386A5A4D60E /* HealthInsightsEngine.swift */ = {isa = PBXFileReference; includeInIndex = 1; lastKnownFileType = sourcecode.swift; path = HealthInsightsEngine.swift; sourceTree = "<group>"; };
		8DC953E43EDF32760CEC7DE3 /* ExerciseAssets.xcassets */ = {isa = PBXFileReference; includeInIndex = 1; lastKnownFileType = folder.assetcatalog; path = ExerciseAssets.xcassets; sourceTree = "<group>"; };
		8F4DFF79F40BD17D3BD30676 /* LeaderboardComparisonView.swift */ = {isa = PBXFileReference; includeInIndex = 1; lastKnownFileType = sourcecode.swift; path = LeaderboardComparisonView.swift; sourceTree = "<group>"; };
		9300AA92210CD823CF0914AF /* CardioTrackingView.swift */ = {isa = PBXFileReference; includeInIndex = 1; lastKnownFileType = sourcecode.swift; path = CardioTrackingView.swift; sourceTree = "<group>"; };
		93B16CF86D362E6C4AF87DF5 /* ChartComparisonView.swift */ = {isa = PBXFileReference; includeInIndex = 1; lastKnownFileType = sourcecode.swift; path = ChartComparisonView.swift; sourceTree = "<group>"; };
		957031145F52C39E3A7C4EB0 /* ChallengeComparisonView.swift */ = {isa = PBXFileReference; includeInIndex = 1; lastKnownFileType = sourcecode.swift; path = ChallengeComparisonView.swift; sourceTree = "<group>"; };
		A0FB9B5235A84581DC10BEF3 /* ProgramModels.swift */ = {isa = PBXFileReference; includeInIndex = 1; lastKnownFileType = sourcecode.swift; name = ProgramModels.swift; path = ProgramModels.swift; sourceTree = "<group>"; };
		A2000001 /* CoreFitnessApp.swift */ = {isa = PBXFileReference; lastKnownFileType = sourcecode.swift; path = CoreFitnessApp.swift; sourceTree = "<group>"; };
		A2000002 /* ContentView.swift */ = {isa = PBXFileReference; lastKnownFileType = sourcecode.swift; path = ContentView.swift; sourceTree = "<group>"; };
		A2000003 /* AuthManager.swift */ = {isa = PBXFileReference; lastKnownFileType = sourcecode.swift; path = AuthManager.swift; sourceTree = "<group>"; };
		A2000004 /* HealthKitManager.swift */ = {isa = PBXFileReference; lastKnownFileType = sourcecode.swift; path = HealthKitManager.swift; sourceTree = "<group>"; };
		A2000005 /* ThemeManager.swift */ = {isa = PBXFileReference; lastKnownFileType = sourcecode.swift; path = ThemeManager.swift; sourceTree = "<group>"; };
		A2000006 /* HealthView.swift */ = {isa = PBXFileReference; lastKnownFileType = sourcecode.swift; path = HealthView.swift; sourceTree = "<group>"; };
		A2000007 /* DailyCheckInView.swift */ = {isa = PBXFileReference; lastKnownFileType = sourcecode.swift; path = DailyCheckInView.swift; sourceTree = "<group>"; };
		A2000008 /* HomeView.swift */ = {isa = PBXFileReference; lastKnownFileType = sourcecode.swift; path = HomeView.swift; sourceTree = "<group>"; };
		A2000009 /* OnboardingView.swift */ = {isa = PBXFileReference; lastKnownFileType = sourcecode.swift; path = OnboardingView.swift; sourceTree = "<group>"; };
		A2000010 /* ProgramsView.swift */ = {isa = PBXFileReference; lastKnownFileType = sourcecode.swift; path = ProgramsView.swift; sourceTree = "<group>"; };
		A2000011 /* SettingsView.swift */ = {isa = PBXFileReference; lastKnownFileType = sourcecode.swift; path = SettingsView.swift; sourceTree = "<group>"; };
		A2000012 /* Assets.xcassets */ = {isa = PBXFileReference; lastKnownFileType = folder.assetcatalog; path = Assets.xcassets; sourceTree = "<group>"; };
		A2000013 /* Info.plist */ = {isa = PBXFileReference; lastKnownFileType = text.plist.xml; path = Info.plist; sourceTree = "<group>"; };
		A2000014 /* NotificationManager.swift */ = {isa = PBXFileReference; lastKnownFileType = sourcecode.swift; path = NotificationManager.swift; sourceTree = "<group>"; };
		A2000015 /* SectionCard.swift */ = {isa = PBXFileReference; lastKnownFileType = sourcecode.swift; path = SectionCard.swift; sourceTree = "<group>"; };
		A2000016 /* AppDesignSystem.swift */ = {isa = PBXFileReference; lastKnownFileType = sourcecode.swift; path = AppDesignSystem.swift; sourceTree = "<group>"; };
		A2000017 /* ProgressTabView.swift */ = {isa = PBXFileReference; lastKnownFileType = sourcecode.swift; path = ProgressTabView.swift; sourceTree = "<group>"; };
		A2000020 /* WorkoutModels.swift */ = {isa = PBXFileReference; lastKnownFileType = sourcecode.swift; path = WorkoutModels.swift; sourceTree = "<group>"; };
		A2000021 /* WorkoutManager.swift */ = {isa = PBXFileReference; lastKnownFileType = sourcecode.swift; path = WorkoutManager.swift; sourceTree = "<group>"; };
		A2000022 /* WorkoutExecutionView.swift */ = {isa = PBXFileReference; lastKnownFileType = sourcecode.swift; path = WorkoutExecutionView.swift; sourceTree = "<group>"; };
		A2000023 /* CountdownView.swift */ = {isa = PBXFileReference; lastKnownFileType = sourcecode.swift; path = CountdownView.swift; sourceTree = "<group>"; };
		A2000024 /* ExerciseCardView.swift */ = {isa = PBXFileReference; lastKnownFileType = sourcecode.swift; path = ExerciseCardView.swift; sourceTree = "<group>"; };
		A2000025 /* WorkoutHeaderBar.swift */ = {isa = PBXFileReference; lastKnownFileType = sourcecode.swift; path = WorkoutHeaderBar.swift; sourceTree = "<group>"; };
		A2000026 /* SetLoggerSheet.swift */ = {isa = PBXFileReference; lastKnownFileType = sourcecode.swift; path = SetLoggerSheet.swift; sourceTree = "<group>"; };
		A2000027 /* RestTimerView.swift */ = {isa = PBXFileReference; lastKnownFileType = sourcecode.swift; path = RestTimerView.swift; sourceTree = "<group>"; };
		A2000028 /* ExerciseTransitionView.swift */ = {isa = PBXFileReference; lastKnownFileType = sourcecode.swift; path = ExerciseTransitionView.swift; sourceTree = "<group>"; };
		A2000029 /* WorkoutCompleteView.swift */ = {isa = PBXFileReference; lastKnownFileType = sourcecode.swift; path = WorkoutCompleteView.swift; sourceTree = "<group>"; };
		A200002A /* SampleWorkoutData.swift */ = {isa = PBXFileReference; lastKnownFileType = sourcecode.swift; path = SampleWorkoutData.swift; sourceTree = "<group>"; };
		A200002B /* CoreFitness.entitlements */ = {isa = PBXFileReference; lastKnownFileType = text.plist.entitlements; path = CoreFitness.entitlements; sourceTree = "<group>"; };
		A200002C /* LiveActivityManager.swift */ = {isa = PBXFileReference; lastKnownFileType = sourcecode.swift; path = LiveActivityManager.swift; sourceTree = "<group>"; };
		A2000050 /* WorkoutActivityAttributes.swift */ = {isa = PBXFileReference; lastKnownFileType = sourcecode.swift; path = WorkoutActivityAttributes.swift; sourceTree = "<group>"; };
		A2000051 /* FitnessDataModels.swift */ = {isa = PBXFileReference; lastKnownFileType = sourcecode.swift; path = FitnessDataModels.swift; sourceTree = "<group>"; };
		A2000052 /* AchievementDefinitions.swift */ = {isa = PBXFileReference; lastKnownFileType = sourcecode.swift; path = AchievementDefinitions.swift; sourceTree = "<group>"; };
		A2000053 /* FitnessDataService.swift */ = {isa = PBXFileReference; lastKnownFileType = sourcecode.swift; path = FitnessDataService.swift; sourceTree = "<group>"; };
		A2000054 /* SocialSharingService.swift */ = {isa = PBXFileReference; lastKnownFileType = sourcecode.swift; path = SocialSharingService.swift; sourceTree = "<group>"; };
		A2000055 /* DebugDataView.swift */ = {isa = PBXFileReference; lastKnownFileType = sourcecode.swift; path = DebugDataView.swift; sourceTree = "<group>"; };
		A2000056 /* AchievementWallView.swift */ = {isa = PBXFileReference; lastKnownFileType = sourcecode.swift; path = AchievementWallView.swift; sourceTree = "<group>"; };
		A2000057 /* ChallengeModels.swift */ = {isa = PBXFileReference; lastKnownFileType = sourcecode.swift; path = ChallengeModels.swift; sourceTree = "<group>"; };
		A2000058 /* ExerciseData.swift */ = {isa = PBXFileReference; lastKnownFileType = sourcecode.swift; path = ExerciseData.swift; sourceTree = "<group>"; };
		A2000059 /* ChallengesView.swift */ = {isa = PBXFileReference; lastKnownFileType = sourcecode.swift; path = ChallengesView.swift; sourceTree = "<group>"; };
		A200005A /* MusicService.swift */ = {isa = PBXFileReference; lastKnownFileType = sourcecode.swift; path = MusicService.swift; sourceTree = "<group>"; };
		A200005B /* AnimatedComponents.swift */ = {isa = PBXFileReference; lastKnownFileType = sourcecode.swift; path = AnimatedComponents.swift; sourceTree = "<group>"; };
		A200005E /* WaterIntakeManager.swift */ = {isa = PBXFileReference; lastKnownFileType = sourcecode.swift; path = WaterIntakeManager.swift; sourceTree = "<group>"; };
		A3000001 /* CoreFitness.app */ = {isa = PBXFileReference; explicitFileType = wrapper.application; includeInIndex = 0; path = CoreFitness.app; sourceTree = BUILT_PRODUCTS_DIR; };
		AA60B77033478028123EA4CD /* WorkoutQuestionnaire.swift */ = {isa = PBXFileReference; includeInIndex = 1; lastKnownFileType = sourcecode.swift; path = WorkoutQuestionnaire.swift; sourceTree = "<group>"; };
		ADC099AE108C90A731056258 /* AIInsightsService.swift */ = {isa = PBXFileReference; includeInIndex = 1; lastKnownFileType = sourcecode.swift; path = AIInsightsService.swift; sourceTree = "<group>"; };
		AF46D85E08F9C708832915F0 /* WorkoutInvitation.swift */ = {isa = PBXFileReference; includeInIndex = 1; lastKnownFileType = sourcecode.swift; path = WorkoutInvitation.swift; sourceTree = "<group>"; };
		B126C6A462F4E43643C5DB19 /* WorkoutGeneratorEngine.swift */ = {isa = PBXFileReference; includeInIndex = 1; lastKnownFileType = sourcecode.swift; path = WorkoutGeneratorEngine.swift; sourceTree = "<group>"; };
		B55EFB7428D28632C9A88E21 /* WorkoutInvitationService.swift */ = {isa = PBXFileReference; includeInIndex = 1; lastKnownFileType = sourcecode.swift; path = WorkoutInvitationService.swift; sourceTree = "<group>"; };
		BA8E3E40044135313012B0B3 /* StrengthTrackingView.swift */ = {isa = PBXFileReference; includeInIndex = 1; lastKnownFileType = sourcecode.swift; path = StrengthTrackingView.swift; sourceTree = "<group>"; };
		BB87F8B4F791976DC37F1D30 /* MoodTrackerView.swift */ = {isa = PBXFileReference; includeInIndex = 1; lastKnownFileType = sourcecode.swift; path = MoodTrackerView.swift; sourceTree = "<group>"; };
		BDE8C0CCE0E2021ADC92B245 /* ChallengeSyncService.swift */ = {isa = PBXFileReference; includeInIndex = 1; lastKnownFileType = sourcecode.swift; path = ChallengeSyncService.swift; sourceTree = "<group>"; };
		CF2C52A1BAFEDFFCB33C6961 /* ProgramBrowserView.swift */ = {isa = PBXFileReference; includeInIndex = 1; lastKnownFileType = sourcecode.swift; name = ProgramBrowserView.swift; path = ProgramBrowserView.swift; sourceTree = "<group>"; };
		E20C834047ACB1A82DFBF0D7 /* UserProfileManager.swift */ = {isa = PBXFileReference; lastKnownFileType = sourcecode.swift; path = UserProfileManager.swift; sourceTree = "<group>"; };
		E3825E0F42746AE16DF386DA /* AIProxyService.swift */ = {isa = PBXFileReference; includeInIndex = 1; lastKnownFileType = sourcecode.swift; path = AIProxyService.swift; sourceTree = "<group>"; };
		E9DB23176C1B840FEC1EEEA7 /* RecoveryCard.swift */ = {isa = PBXFileReference; includeInIndex = 1; lastKnownFileType = sourcecode.swift; path = RecoveryCard.swift; sourceTree = "<group>"; };
		F13E02CFA94D1CF3E8536CE1 /* WorkoutRecoveryCard.swift */ = {isa = PBXFileReference; includeInIndex = 1; lastKnownFileType = sourcecode.swift; path = WorkoutRecoveryCard.swift; sourceTree = "<group>"; };
		F73C06167BE142294FE4DC6B /* RestDaySheet.swift */ = {isa = PBXFileReference; includeInIndex = 1; lastKnownFileType = sourcecode.swift; path = RestDaySheet.swift; sourceTree = "<group>"; };
		F7D77888AF501B7F7DA9439C /* WorkoutBuddyPickerView.swift */ = {isa = PBXFileReference; includeInIndex = 1; lastKnownFileType = sourcecode.swift; path = WorkoutBuddyPickerView.swift; sourceTree = "<group>"; };
		FE713E07727D3AA9E3A785DA /* WeeklyStatsCard.swift */ = {isa = PBXFileReference; includeInIndex = 1; lastKnownFileType = sourcecode.swift; path = WeeklyStatsCard.swift; sourceTree = "<group>"; };
/* End PBXFileReference section */

/* Begin PBXFileSystemSynchronizedBuildFileExceptionSet section */
		73F1A8092EFB5CF80037175B /* Exceptions for "CoreFitnessWidgets" folder in "CoreFitnessWidgetsExtension" target */ = {
			isa = PBXFileSystemSynchronizedBuildFileExceptionSet;
			membershipExceptions = (
				Info.plist,
			);
			target = 73F1A7F22EFB5CF60037175B /* CoreFitnessWidgetsExtension */;
		};
/* End PBXFileSystemSynchronizedBuildFileExceptionSet section */

/* Begin PBXFileSystemSynchronizedRootGroup section */
		73876A1D2EFAD01600EA8B0C /* CoreFitnessWatch Watch App */ = {
			isa = PBXFileSystemSynchronizedRootGroup;
			exceptions = (
			);
			explicitFileTypes = {
			};
			explicitFolders = (
			);
			path = "CoreFitnessWatch Watch App";
			sourceTree = "<group>";
		};
		73876A2B2EFAD01800EA8B0C /* CoreFitnessWatch Watch AppTests */ = {
			isa = PBXFileSystemSynchronizedRootGroup;
			exceptions = (
			);
			explicitFileTypes = {
			};
			explicitFolders = (
			);
			path = "CoreFitnessWatch Watch AppTests";
			sourceTree = "<group>";
		};
		73876A352EFAD01800EA8B0C /* CoreFitnessWatch Watch AppUITests */ = {
			isa = PBXFileSystemSynchronizedRootGroup;
			exceptions = (
			);
			explicitFileTypes = {
			};
			explicitFolders = (
			);
			path = "CoreFitnessWatch Watch AppUITests";
			sourceTree = "<group>";
		};
		73F1A7F92EFB5CF60037175B /* CoreFitnessWidgets */ = {
			isa = PBXFileSystemSynchronizedRootGroup;
			exceptions = (
				73F1A8092EFB5CF80037175B /* Exceptions for "CoreFitnessWidgets" folder in "CoreFitnessWidgetsExtension" target */,
			);
			explicitFileTypes = {
			};
			explicitFolders = (
			);
			path = CoreFitnessWidgets;
			sourceTree = "<group>";
		};
/* End PBXFileSystemSynchronizedRootGroup section */

/* Begin PBXFrameworksBuildPhase section */
		73876A162EFAD01600EA8B0C /* Frameworks */ = {
			isa = PBXFrameworksBuildPhase;
			buildActionMask = 2147483647;
			files = (
			);
			runOnlyForDeploymentPostprocessing = 0;
		};
		73876A252EFAD01800EA8B0C /* Frameworks */ = {
			isa = PBXFrameworksBuildPhase;
			buildActionMask = 2147483647;
			files = (
			);
			runOnlyForDeploymentPostprocessing = 0;
		};
		73876A2F2EFAD01800EA8B0C /* Frameworks */ = {
			isa = PBXFrameworksBuildPhase;
			buildActionMask = 2147483647;
			files = (
			);
			runOnlyForDeploymentPostprocessing = 0;
		};
		73F1A7F02EFB5CF60037175B /* Frameworks */ = {
			isa = PBXFrameworksBuildPhase;
			buildActionMask = 2147483647;
			files = (
				73F1A7F82EFB5CF60037175B /* SwiftUI.framework in Frameworks */,
				73F1A7F62EFB5CF60037175B /* WidgetKit.framework in Frameworks */,
			);
			runOnlyForDeploymentPostprocessing = 0;
		};
		A4000001 /* Frameworks */ = {
			isa = PBXFrameworksBuildPhase;
			buildActionMask = 2147483647;
			files = (
			);
			runOnlyForDeploymentPostprocessing = 0;
		};
/* End PBXFrameworksBuildPhase section */

/* Begin PBXGroup section */
		15506B00F092DDA540200637 /* Resources */ = {
			isa = PBXGroup;
			children = (
				8DC953E43EDF32760CEC7DE3 /* ExerciseAssets.xcassets */,
			);
			name = Resources;
			sourceTree = "<group>";
		};
		1FD4879F1FD8547F2A528C6F /* CloudKit */ = {
			isa = PBXGroup;
			children = (
				BDE8C0CCE0E2021ADC92B245 /* ChallengeSyncService.swift */,
			);
			name = CloudKit;
			path = CloudKit;
			sourceTree = "<group>";
		};
		3B63B33162C5DA38957FBA91 /* Comparison */ = {
			isa = PBXGroup;
			children = (
				957031145F52C39E3A7C4EB0 /* ChallengeComparisonView.swift */,
				8F4DFF79F40BD17D3BD30676 /* LeaderboardComparisonView.swift */,
				8999988B9B03EE39A9F8AE2A /* SideBySideComparisonView.swift */,
				93B16CF86D362E6C4AF87DF5 /* ChartComparisonView.swift */,
			);
			name = Comparison;
			path = Comparison;
			sourceTree = "<group>";
		};
		667638A7AE691F6855A54464 /* AI */ = {
			isa = PBXGroup;
			children = (
				700191B0106462C23D1072CB /* AIConfigManager.swift */,
				5CC4ED5A3CD0304DED031C6E /* AIProvider.swift */,
				E3825E0F42746AE16DF386DA /* AIProxyService.swift */,
				8A4480DE0E641386A5A4D60E /* HealthInsightsEngine.swift */,
				B126C6A462F4E43643C5DB19 /* WorkoutGeneratorEngine.swift */,
			);
			name = AI;
			path = AI;
			sourceTree = "<group>";
		};
		70518C1074F4039F5BF7DD89 /* Tracking */ = {
			isa = PBXGroup;
			children = (
				6F754F932FBC86FD22105A18 /* ChallengeDailyCheckInView.swift */,
				9300AA92210CD823CF0914AF /* CardioTrackingView.swift */,
				BA8E3E40044135313012B0B3 /* StrengthTrackingView.swift */,
				6511244DDE3034EC0FA2F000 /* ActivityTimerView.swift */,
				43A94995AB949181CC227C3B /* HealthKitImportView.swift */,
			);
			name = Tracking;
			path = Tracking;
			sourceTree = "<group>";
		};
		73F1A7F42EFB5CF60037175B /* Frameworks */ = {
			isa = PBXGroup;
			children = (
				73F1A7F52EFB5CF60037175B /* WidgetKit.framework */,
				73F1A7F72EFB5CF60037175B /* SwiftUI.framework */,
			);
			name = Frameworks;
			sourceTree = "<group>";
		};
		8AF2539B37CE415CA8E0F8FC /* Stats */ = {
			isa = PBXGroup;
			children = (
				11281B6C9663C867E467687C /* ChallengeStatsView.swift */,
				0DBC7ADC5BD1621CA1591D39 /* WeeklySummaryView.swift */,
			);
			name = Stats;
			path = Stats;
			sourceTree = "<group>";
		};
		A5000001 = {
			isa = PBXGroup;
			children = (
				A5000002 /* CoreFitness */,
				73876A1D2EFAD01600EA8B0C /* CoreFitnessWatch Watch App */,
				73876A2B2EFAD01800EA8B0C /* CoreFitnessWatch Watch AppTests */,
				73876A352EFAD01800EA8B0C /* CoreFitnessWatch Watch AppUITests */,
				73F1A7F92EFB5CF60037175B /* CoreFitnessWidgets */,
				73F1A7F42EFB5CF60037175B /* Frameworks */,
				A5000003 /* Products */,
				73F1AB6C2EFC32DA0037175B /* Info.plist */,
				73F1ABCE2EFC33440037175B /* CoreFitnessTests.swift */,
				73F1ABD02EFC33810037175B /* BUILD_FIX_SUMMARY.md */,
				73F1ABD22EFC33900037175B /* cleanup_build.sh */,
				73F1ABD42EFC33B00037175B /* PRE_BUILD_CHECKLIST.md */,
				73F1ABD62EFC33CA0037175B /* QUICK_START.md */,
			);
			sourceTree = "<group>";
		};
		A5000002 /* CoreFitness */ = {
			isa = PBXGroup;
			children = (
				A5000004 /* App */,
				A5000005 /* Navigation */,
				A5000006 /* Views */,
				A5000007 /* Services */,
				A5000020 /* Models */,
				A5000016 /* Design */,
				A2000012 /* Assets.xcassets */,
				A2000013 /* Info.plist */,
				A200002B /* CoreFitness.entitlements */,
				15506B00F092DDA540200637 /* Resources */,
			);
			path = CoreFitness;
			sourceTree = "<group>";
		};
		A5000003 /* Products */ = {
			isa = PBXGroup;
			children = (
				A3000001 /* CoreFitness.app */,
				73876A142EFAD01600EA8B0C /* CoreFitnessWatch.app */,
				73876A192EFAD01600EA8B0C /* CoreFitnessWatch Watch App.app */,
				73876A282EFAD01800EA8B0C /* CoreFitnessWatch Watch AppTests.xctest */,
				73876A322EFAD01800EA8B0C /* CoreFitnessWatch Watch AppUITests.xctest */,
				73F1A7F32EFB5CF60037175B /* CoreFitnessWidgetsExtension.appex */,
			);
			name = Products;
			sourceTree = "<group>";
		};
		A5000004 /* App */ = {
			isa = PBXGroup;
			children = (
				A2000001 /* CoreFitnessApp.swift */,
				73876A102EFAC6CD00EA8B0C /* WatchConnectivityManager.swift */,
			);
			path = App;
			sourceTree = "<group>";
		};
		A5000005 /* Navigation */ = {
			isa = PBXGroup;
			children = (
				A2000002 /* ContentView.swift */,
			);
			path = Navigation;
			sourceTree = "<group>";
		};
		A5000006 /* Views */ = {
			isa = PBXGroup;
			children = (
				A5000015 /* Components */,
				A5000008 /* Home */,
				A5000009 /* Programs */,
				A5000017 /* Progress */,
				A5000010 /* Health */,
				A5000011 /* Settings */,
				A5000012 /* Onboarding */,
				A5000021 /* Workout */,
				A5000022 /* Challenges */,
				AA77E320CA90D3746C7BC1B2 /* AI */,
			);
			path = Views;
			sourceTree = "<group>";
		};
		A5000007 /* Services */ = {
			isa = PBXGroup;
			children = (
				A5000013 /* Firebase */,
				A5000014 /* HealthKit */,
				A2000005 /* ThemeManager.swift */,
				A2000014 /* NotificationManager.swift */,
				A2000021 /* WorkoutManager.swift */,
				A200002C /* LiveActivityManager.swift */,
				A2000053 /* FitnessDataService.swift */,
				A2000054 /* SocialSharingService.swift */,
				A200005A /* MusicService.swift */,
				A200005E /* WaterIntakeManager.swift */,
				1FD4879F1FD8547F2A528C6F /* CloudKit */,
				0DEABBF980288963574555B7 /* ChallengeTimerService.swift */,
				0F8F62398D0F0903658230BF /* DataRefreshService.swift */,
				E20C834047ACB1A82DFBF0D7 /* UserProfileManager.swift */,
				1C381ADC9DF39D44304172C3 /* CloudKitStatusService.swift */,
				B55EFB7428D28632C9A88E21 /* WorkoutInvitationService.swift */,
				ADC099AE108C90A731056258 /* AIInsightsService.swift */,
				667638A7AE691F6855A54464 /* AI */,
				540788C807962D02700F417E /* ActiveProgramManager.swift */,
			);
			path = Services;
			sourceTree = "<group>";
		};
		A5000008 /* Home */ = {
			isa = PBXGroup;
			children = (
				A2000008 /* HomeView.swift */,
				A2000007 /* DailyCheckInView.swift */,
			);
			path = Home;
			sourceTree = "<group>";
		};
		A5000009 /* Programs */ = {
			isa = PBXGroup;
			children = (
				A2000010 /* ProgramsView.swift */,
				CF2C52A1BAFEDFFCB33C6961 /* ProgramBrowserView.swift */,
				7F3556A33BBFB6AD8A603A90 /* ProgramDetailView.swift */,
				051B22AF40816F7ABAA20667 /* WorkoutCalendarView.swift */,
				FE713E07727D3AA9E3A785DA /* WeeklyStatsCard.swift */,
				26EA48A0221EF7ACCF930694 /* SavedWorkoutsSection.swift */,
				F13E02CFA94D1CF3E8536CE1 /* WorkoutRecoveryCard.swift */,
				F73C06167BE142294FE4DC6B /* RestDaySheet.swift */,
				3F2E6054D2887AE6F6C748E1 /* WorkoutDashboardView.swift */,
			);
			path = Programs;
			sourceTree = "<group>";
		};
		A5000010 /* Health */ = {
			isa = PBXGroup;
			children = (
				A2000006 /* HealthView.swift */,
				BB87F8B4F791976DC37F1D30 /* MoodTrackerView.swift */,
				136857BC33DAB06E07388ECA /* WaterTrackerView.swift */,
			);
			path = Health;
			sourceTree = "<group>";
		};
		A5000011 /* Settings */ = {
			isa = PBXGroup;
			children = (
				A2000011 /* SettingsView.swift */,
				A2000055 /* DebugDataView.swift */,
			);
			path = Settings;
			sourceTree = "<group>";
		};
		A5000012 /* Onboarding */ = {
			isa = PBXGroup;
			children = (
				A2000009 /* OnboardingView.swift */,
			);
			path = Onboarding;
			sourceTree = "<group>";
		};
		A5000013 /* Firebase */ = {
			isa = PBXGroup;
			children = (
				A2000003 /* AuthManager.swift */,
			);
			path = Firebase;
			sourceTree = "<group>";
		};
		A5000014 /* HealthKit */ = {
			isa = PBXGroup;
			children = (
				A2000004 /* HealthKitManager.swift */,
			);
			path = HealthKit;
			sourceTree = "<group>";
		};
		A5000015 /* Components */ = {
			isa = PBXGroup;
			children = (
				A2000015 /* SectionCard.swift */,
				A200005B /* AnimatedComponents.swift */,
				E9DB23176C1B840FEC1EEEA7 /* RecoveryCard.swift */,
			);
			path = Components;
			sourceTree = "<group>";
		};
		A5000016 /* Design */ = {
			isa = PBXGroup;
			children = (
				A2000016 /* AppDesignSystem.swift */,
			);
			path = Design;
			sourceTree = "<group>";
		};
		A5000017 /* Progress */ = {
			isa = PBXGroup;
			children = (
				A2000017 /* ProgressTabView.swift */,
				A2000056 /* AchievementWallView.swift */,
			);
			path = Progress;
			sourceTree = "<group>";
		};
		A5000020 /* Models */ = {
			isa = PBXGroup;
			children = (
				A2000020 /* WorkoutModels.swift */,
				A2000050 /* WorkoutActivityAttributes.swift */,
				A2000051 /* FitnessDataModels.swift */,
				A2000052 /* AchievementDefinitions.swift */,
				A2000057 /* ChallengeModels.swift */,
				A2000058 /* ExerciseData.swift */,
				AF46D85E08F9C708832915F0 /* WorkoutInvitation.swift */,
				A0FB9B5235A84581DC10BEF3 /* ProgramModels.swift */,
				6E0C2754A7AB3EEF80A8AF1D /* ProgramData.swift */,
				128069D38F1CB7F88EB0C832 /* RestDay.swift */,
				AA60B77033478028123EA4CD /* WorkoutQuestionnaire.swift */,
			);
			path = Models;
			sourceTree = "<group>";
		};
		A5000021 /* Workout */ = {
			isa = PBXGroup;
			children = (
				A2000022 /* WorkoutExecutionView.swift */,
				A2000023 /* CountdownView.swift */,
				A2000024 /* ExerciseCardView.swift */,
				A2000025 /* WorkoutHeaderBar.swift */,
				A2000026 /* SetLoggerSheet.swift */,
				A2000027 /* RestTimerView.swift */,
				A2000028 /* ExerciseTransitionView.swift */,
				A2000029 /* WorkoutCompleteView.swift */,
				A200002A /* SampleWorkoutData.swift */,
				F7D77888AF501B7F7DA9439C /* WorkoutBuddyPickerView.swift */,
				5F8DF74DC9FE258646B2CFA7 /* WorkoutMessageComposer.swift */,
				4AA0EE3B5933B5CA86F07738 /* ShareAndStartView.swift */,
				73F91CE0AC03799A54AE1093 /* InvitationResponseView.swift */,
			);
			path = Workout;
			sourceTree = "<group>";
		};
		A5000022 /* Challenges */ = {
			isa = PBXGroup;
			children = (
				A2000059 /* ChallengesView.swift */,
				70518C1074F4039F5BF7DD89 /* Tracking */,
				3B63B33162C5DA38957FBA91 /* Comparison */,
				8AF2539B37CE415CA8E0F8FC /* Stats */,
			);
			path = Challenges;
			sourceTree = "<group>";
		};
		AA77E320CA90D3746C7BC1B2 /* AI */ = {
			isa = PBXGroup;
			children = (
				729A06A69503F847968B8FE8 /* GeneratedWorkoutPreviewView.swift */,
				7CB361A6D8F35F22389D6BBC /* WorkoutQuestionnaireView.swift */,
			);
			name = AI;
			path = AI;
			sourceTree = "<group>";
		};
/* End PBXGroup section */

/* Begin PBXNativeTarget section */
		73876A132EFAD01600EA8B0C /* CoreFitnessWatch */ = {
			isa = PBXNativeTarget;
			buildConfigurationList = 73876A3E2EFAD01800EA8B0C /* Build configuration list for PBXNativeTarget "CoreFitnessWatch" */;
			buildPhases = (
				73876A122EFAD01600EA8B0C /* Resources */,
				73876A3D2EFAD01800EA8B0C /* Embed Watch Content */,
			);
			buildRules = (
			);
			dependencies = (
				73876A1C2EFAD01600EA8B0C /* PBXTargetDependency */,
			);
			name = CoreFitnessWatch;
			productName = CoreFitnessWatch;
			productReference = 73876A142EFAD01600EA8B0C /* CoreFitnessWatch.app */;
			productType = "com.apple.product-type.application.watchapp2-container";
		};
		73876A182EFAD01600EA8B0C /* CoreFitnessWatch Watch App */ = {
			isa = PBXNativeTarget;
			buildConfigurationList = 73876A3A2EFAD01800EA8B0C /* Build configuration list for PBXNativeTarget "CoreFitnessWatch Watch App" */;
			buildPhases = (
				73876A152EFAD01600EA8B0C /* Sources */,
				73876A162EFAD01600EA8B0C /* Frameworks */,
				73876A172EFAD01600EA8B0C /* Resources */,
			);
			buildRules = (
			);
			dependencies = (
			);
			fileSystemSynchronizedGroups = (
				73876A1D2EFAD01600EA8B0C /* CoreFitnessWatch Watch App */,
			);
			name = "CoreFitnessWatch Watch App";
			productName = "CoreFitnessWatch Watch App";
			productReference = 73876A192EFAD01600EA8B0C /* CoreFitnessWatch Watch App.app */;
			productType = "com.apple.product-type.application";
		};
		73876A272EFAD01800EA8B0C /* CoreFitnessWatch Watch AppTests */ = {
			isa = PBXNativeTarget;
			buildConfigurationList = 73876A412EFAD01800EA8B0C /* Build configuration list for PBXNativeTarget "CoreFitnessWatch Watch AppTests" */;
			buildPhases = (
				73876A242EFAD01800EA8B0C /* Sources */,
				73876A252EFAD01800EA8B0C /* Frameworks */,
				73876A262EFAD01800EA8B0C /* Resources */,
			);
			buildRules = (
			);
			dependencies = (
				73876A2A2EFAD01800EA8B0C /* PBXTargetDependency */,
			);
			fileSystemSynchronizedGroups = (
				73876A2B2EFAD01800EA8B0C /* CoreFitnessWatch Watch AppTests */,
			);
			name = "CoreFitnessWatch Watch AppTests";
			productName = "CoreFitnessWatch Watch AppTests";
			productReference = 73876A282EFAD01800EA8B0C /* CoreFitnessWatch Watch AppTests.xctest */;
			productType = "com.apple.product-type.bundle.unit-test";
		};
		73876A312EFAD01800EA8B0C /* CoreFitnessWatch Watch AppUITests */ = {
			isa = PBXNativeTarget;
			buildConfigurationList = 73876A442EFAD01800EA8B0C /* Build configuration list for PBXNativeTarget "CoreFitnessWatch Watch AppUITests" */;
			buildPhases = (
				73876A2E2EFAD01800EA8B0C /* Sources */,
				73876A2F2EFAD01800EA8B0C /* Frameworks */,
				73876A302EFAD01800EA8B0C /* Resources */,
			);
			buildRules = (
			);
			dependencies = (
				73876A342EFAD01800EA8B0C /* PBXTargetDependency */,
			);
			fileSystemSynchronizedGroups = (
				73876A352EFAD01800EA8B0C /* CoreFitnessWatch Watch AppUITests */,
			);
			name = "CoreFitnessWatch Watch AppUITests";
			productName = "CoreFitnessWatch Watch AppUITests";
			productReference = 73876A322EFAD01800EA8B0C /* CoreFitnessWatch Watch AppUITests.xctest */;
			productType = "com.apple.product-type.bundle.ui-testing";
		};
		73F1A7F22EFB5CF60037175B /* CoreFitnessWidgetsExtension */ = {
			isa = PBXNativeTarget;
			buildConfigurationList = 73F1A80A2EFB5CF80037175B /* Build configuration list for PBXNativeTarget "CoreFitnessWidgetsExtension" */;
			buildPhases = (
				73F1A7EF2EFB5CF60037175B /* Sources */,
				73F1A7F02EFB5CF60037175B /* Frameworks */,
				73F1A7F12EFB5CF60037175B /* Resources */,
			);
			buildRules = (
			);
			dependencies = (
			);
			fileSystemSynchronizedGroups = (
				73F1A7F92EFB5CF60037175B /* CoreFitnessWidgets */,
			);
			name = CoreFitnessWidgetsExtension;
			productName = CoreFitnessWidgetsExtension;
			productReference = 73F1A7F32EFB5CF60037175B /* CoreFitnessWidgetsExtension.appex */;
			productType = "com.apple.product-type.app-extension";
		};
		A6000001 /* CoreFitness */ = {
			isa = PBXNativeTarget;
			buildConfigurationList = A7000003 /* Build configuration list for PBXNativeTarget "CoreFitness" */;
			buildPhases = (
				A6000002 /* Sources */,
				A4000001 /* Frameworks */,
				A6000003 /* Resources */,
				73876A3D2EFAD01800EA8B0C /* Embed Watch Content */,
				73F1A8062EFB5CF80037175B /* Embed Foundation Extensions */,
			);
			buildRules = (
			);
			dependencies = (
				73876A1C2EFAD01600EA8B0C /* PBXTargetDependency */,
				73F1A8042EFB5CF80037175B /* PBXTargetDependency */,
			);
			name = CoreFitness;
			productName = CoreFitness;
			productReference = A3000001 /* CoreFitness.app */;
			productType = "com.apple.product-type.application";
		};
/* End PBXNativeTarget section */

/* Begin PBXProject section */
		A8000001 /* Project object */ = {
			isa = PBXProject;
			attributes = {
				BuildIndependentTargetsInParallel = 1;
				LastSwiftUpdateCheck = 2620;
				LastUpgradeCheck = 2620;
				TargetAttributes = {
					73876A132EFAD01600EA8B0C = {
						CreatedOnToolsVersion = 26.2;
					};
					73876A182EFAD01600EA8B0C = {
						CreatedOnToolsVersion = 26.2;
					};
					73876A272EFAD01800EA8B0C = {
						CreatedOnToolsVersion = 26.2;
						TestTargetID = 73876A182EFAD01600EA8B0C;
					};
					73876A312EFAD01800EA8B0C = {
						CreatedOnToolsVersion = 26.2;
						TestTargetID = 73876A182EFAD01600EA8B0C;
					};
					73F1A7F22EFB5CF60037175B = {
						CreatedOnToolsVersion = 26.2;
					};
					A6000001 = {
						CreatedOnToolsVersion = 15.0;
					};
				};
			};
			buildConfigurationList = A7000001 /* Build configuration list for PBXProject "CoreFitness" */;
			compatibilityVersion = "Xcode 14.0";
			developmentRegion = en;
			hasScannedForEncodings = 0;
			knownRegions = (
				en,
				Base,
			);
			mainGroup = A5000001;
			productRefGroup = A5000003 /* Products */;
			projectDirPath = "";
			projectRoot = "";
			targets = (
				A6000001 /* CoreFitness */,
				73876A132EFAD01600EA8B0C /* CoreFitnessWatch */,
				73876A182EFAD01600EA8B0C /* CoreFitnessWatch Watch App */,
				73876A272EFAD01800EA8B0C /* CoreFitnessWatch Watch AppTests */,
				73876A312EFAD01800EA8B0C /* CoreFitnessWatch Watch AppUITests */,
				73F1A7F22EFB5CF60037175B /* CoreFitnessWidgetsExtension */,
			);
		};
/* End PBXProject section */

/* Begin PBXResourcesBuildPhase section */
		73876A122EFAD01600EA8B0C /* Resources */ = {
			isa = PBXResourcesBuildPhase;
			buildActionMask = 2147483647;
			files = (
			);
			runOnlyForDeploymentPostprocessing = 0;
		};
		73876A172EFAD01600EA8B0C /* Resources */ = {
			isa = PBXResourcesBuildPhase;
			buildActionMask = 2147483647;
			files = (
			);
			runOnlyForDeploymentPostprocessing = 0;
		};
		73876A262EFAD01800EA8B0C /* Resources */ = {
			isa = PBXResourcesBuildPhase;
			buildActionMask = 2147483647;
			files = (
			);
			runOnlyForDeploymentPostprocessing = 0;
		};
		73876A302EFAD01800EA8B0C /* Resources */ = {
			isa = PBXResourcesBuildPhase;
			buildActionMask = 2147483647;
			files = (
			);
			runOnlyForDeploymentPostprocessing = 0;
		};
		73F1A7F12EFB5CF60037175B /* Resources */ = {
			isa = PBXResourcesBuildPhase;
			buildActionMask = 2147483647;
			files = (
			);
			runOnlyForDeploymentPostprocessing = 0;
		};
		A6000003 /* Resources */ = {
			isa = PBXResourcesBuildPhase;
			buildActionMask = 2147483647;
			files = (
				A1000012 /* Assets.xcassets in Resources */,
				8E8F4A8E1A66573DF0D4F1BF /* ExerciseAssets.xcassets in Resources */,
			);
			runOnlyForDeploymentPostprocessing = 0;
		};
/* End PBXResourcesBuildPhase section */

/* Begin PBXSourcesBuildPhase section */
		73876A152EFAD01600EA8B0C /* Sources */ = {
			isa = PBXSourcesBuildPhase;
			buildActionMask = 2147483647;
			files = (
			);
			runOnlyForDeploymentPostprocessing = 0;
		};
		73876A242EFAD01800EA8B0C /* Sources */ = {
			isa = PBXSourcesBuildPhase;
			buildActionMask = 2147483647;
			files = (
			);
			runOnlyForDeploymentPostprocessing = 0;
		};
		73876A2E2EFAD01800EA8B0C /* Sources */ = {
			isa = PBXSourcesBuildPhase;
			buildActionMask = 2147483647;
			files = (
			);
			runOnlyForDeploymentPostprocessing = 0;
		};
		73F1A7EF2EFB5CF60037175B /* Sources */ = {
			isa = PBXSourcesBuildPhase;
			buildActionMask = 2147483647;
			files = (
			);
			runOnlyForDeploymentPostprocessing = 0;
		};
		A6000002 /* Sources */ = {
			isa = PBXSourcesBuildPhase;
			buildActionMask = 2147483647;
			files = (
				A1000001 /* CoreFitnessApp.swift in Sources */,
				A1000002 /* ContentView.swift in Sources */,
				A1000003 /* AuthManager.swift in Sources */,
				A1000004 /* HealthKitManager.swift in Sources */,
				A1000005 /* ThemeManager.swift in Sources */,
				A1000006 /* HealthView.swift in Sources */,
				A1000007 /* DailyCheckInView.swift in Sources */,
				A1000008 /* HomeView.swift in Sources */,
				A1000009 /* OnboardingView.swift in Sources */,
				A1000010 /* ProgramsView.swift in Sources */,
				A1000011 /* SettingsView.swift in Sources */,
				A1000013 /* NotificationManager.swift in Sources */,
				A1000014 /* SectionCard.swift in Sources */,
				73876A112EFAC6CD00EA8B0C /* WatchConnectivityManager.swift in Sources */,
				A1000016 /* AppDesignSystem.swift in Sources */,
				A1000017 /* ProgressTabView.swift in Sources */,
				A1000020 /* WorkoutModels.swift in Sources */,
				A1000021 /* WorkoutManager.swift in Sources */,
				A1000022 /* WorkoutExecutionView.swift in Sources */,
				A1000023 /* CountdownView.swift in Sources */,
				A1000024 /* ExerciseCardView.swift in Sources */,
				A1000025 /* WorkoutHeaderBar.swift in Sources */,
				A1000026 /* SetLoggerSheet.swift in Sources */,
				A1000027 /* RestTimerView.swift in Sources */,
				A1000028 /* ExerciseTransitionView.swift in Sources */,
				A1000029 /* WorkoutCompleteView.swift in Sources */,
				A100002A /* SampleWorkoutData.swift in Sources */,
				A100002B /* LiveActivityManager.swift in Sources */,
				A1000050 /* WorkoutActivityAttributes.swift in Sources */,
				A1000051 /* FitnessDataModels.swift in Sources */,
				A1000052 /* AchievementDefinitions.swift in Sources */,
				A1000053 /* FitnessDataService.swift in Sources */,
				A1000054 /* SocialSharingService.swift in Sources */,
				A1000055 /* DebugDataView.swift in Sources */,
				A1000056 /* AchievementWallView.swift in Sources */,
				A1000057 /* ChallengeModels.swift in Sources */,
				A1000058 /* ExerciseData.swift in Sources */,
				A1000059 /* ChallengesView.swift in Sources */,
				A100005A /* MusicService.swift in Sources */,
				A100005B /* AnimatedComponents.swift in Sources */,
				A100005E /* WaterIntakeManager.swift in Sources */,
				17FC49E20FDE8400EE619277 /* ChallengeSyncService.swift in Sources */,
				72A67F25E985B019A9AC19B2 /* ChallengeTimerService.swift in Sources */,
				C3B3AA73DEEAF2D43FB667EA /* ChallengeDailyCheckInView.swift in Sources */,
				7F12326F3CC33DE8F4D3B125 /* CardioTrackingView.swift in Sources */,
				CF8C0F984863B28C4575539A /* StrengthTrackingView.swift in Sources */,
				4B52C819A98F1DF88F3251A6 /* ActivityTimerView.swift in Sources */,
				3261551721C8946D58598FF7 /* HealthKitImportView.swift in Sources */,
				FBBEEFCDE17376FE2DEF046E /* ChallengeComparisonView.swift in Sources */,
				07A2DF1099DB657ABFC80ECD /* LeaderboardComparisonView.swift in Sources */,
				E10EED454D35070855ED56D0 /* SideBySideComparisonView.swift in Sources */,
				F0EB427EE83F44DECF41A717 /* ChartComparisonView.swift in Sources */,
				6FFC4E36BE2CBDD4C8BEBFCF /* ChallengeStatsView.swift in Sources */,
				C5E0491DF7D11B692F761D5E /* WeeklySummaryView.swift in Sources */,
				13583DDFC7582F0EED7CA376 /* DataRefreshService.swift in Sources */,
				8E9E199DB13EDF96B7C7ECAF /* UserProfileManager.swift in Sources */,
				EAA414D175CE11A3CE6A2090 /* CloudKitStatusService.swift in Sources */,
				B4258C95994741A30DDB97AC /* WorkoutInvitation.swift in Sources */,
				9AB8DB64F3FA1F65052C11F7 /* WorkoutInvitationService.swift in Sources */,
				3BF338C6CBA417B0DC63273B /* WorkoutBuddyPickerView.swift in Sources */,
				3E29FB62FA3ED5B5C9D97B67 /* WorkoutMessageComposer.swift in Sources */,
				0CBD80B5F2BF685E9A25975A /* ShareAndStartView.swift in Sources */,
				BEDECC4398743C0955939EF5 /* AIInsightsService.swift in Sources */,
				2BF3D2DAC5782E531D884252 /* ProgramModels.swift in Sources */,
				FBFB0190E569972BA815EC81 /* ProgramData.swift in Sources */,
				31DE3D2E5A905BE65ACCE429 /* ProgramBrowserView.swift in Sources */,
				2495E145343244E389A77031 /* ProgramDetailView.swift in Sources */,
				37E93B1BAF5414A98182375C /* InvitationResponseView.swift in Sources */,
				B19D8DF0FB3D5AF6F0E7E9D4 /* RestDay.swift in Sources */,
				C0613ED19607199E01089280 /* WorkoutCalendarView.swift in Sources */,
				9632EABE73E1C1B67F6B490B /* WeeklyStatsCard.swift in Sources */,
				1854FFBA2C29A8B238606592 /* SavedWorkoutsSection.swift in Sources */,
				8CE7238AAC69E89F98D7CF3F /* WorkoutRecoveryCard.swift in Sources */,
				02BC5A8542EF019CB83FD339 /* RestDaySheet.swift in Sources */,
				F26243080AA909F572CF4294 /* WorkoutDashboardView.swift in Sources */,
				3C9A03254A79020ADE02ADF2 /* AIConfigManager.swift in Sources */,
				C3137246214E7D86C48F9D20 /* AIProvider.swift in Sources */,
				972BF13CD60FB236A10C6472 /* AIProxyService.swift in Sources */,
				6A9ECF10C155DEBFE609F52E /* HealthInsightsEngine.swift in Sources */,
				7033BACC99027626A59F27A6 /* WorkoutGeneratorEngine.swift in Sources */,
				16B1FF5301CE5A80830AE226 /* GeneratedWorkoutPreviewView.swift in Sources */,
				81B5AAE6A24C1BD1DFFDF702 /* WorkoutQuestionnaireView.swift in Sources */,
				D2F6418FB376E7D2F1202790 /* WorkoutQuestionnaire.swift in Sources */,
				A88C4D597EE0D6C22205CB09 /* RecoveryCard.swift in Sources */,
				AF772E53833CF0ED2D52EDFE /* ActiveProgramManager.swift in Sources */,
				FB47CE1ED3BB2A2A41DCDF87 /* MoodTrackerView.swift in Sources */,
				C90225DD662A503C1104EF2B /* WaterTrackerView.swift in Sources */,
			);
			runOnlyForDeploymentPostprocessing = 0;
		};
/* End PBXSourcesBuildPhase section */

/* Begin PBXTargetDependency section */
		73876A1C2EFAD01600EA8B0C /* PBXTargetDependency */ = {
			isa = PBXTargetDependency;
			target = 73876A182EFAD01600EA8B0C /* CoreFitnessWatch Watch App */;
			targetProxy = 73876A1B2EFAD01600EA8B0C /* PBXContainerItemProxy */;
		};
		73876A2A2EFAD01800EA8B0C /* PBXTargetDependency */ = {
			isa = PBXTargetDependency;
			target = 73876A182EFAD01600EA8B0C /* CoreFitnessWatch Watch App */;
			targetProxy = 73876A292EFAD01800EA8B0C /* PBXContainerItemProxy */;
		};
		73876A342EFAD01800EA8B0C /* PBXTargetDependency */ = {
			isa = PBXTargetDependency;
			target = 73876A182EFAD01600EA8B0C /* CoreFitnessWatch Watch App */;
			targetProxy = 73876A332EFAD01800EA8B0C /* PBXContainerItemProxy */;
		};
		73F1A8042EFB5CF80037175B /* PBXTargetDependency */ = {
			isa = PBXTargetDependency;
			target = 73F1A7F22EFB5CF60037175B /* CoreFitnessWidgetsExtension */;
			targetProxy = 73F1A8032EFB5CF80037175B /* PBXContainerItemProxy */;
		};
/* End PBXTargetDependency section */

/* Begin XCBuildConfiguration section */
		73876A3B2EFAD01800EA8B0C /* Debug */ = {
			isa = XCBuildConfiguration;
			buildSettings = {
				ASSETCATALOG_COMPILER_APPICON_NAME = AppIcon;
				ASSETCATALOG_COMPILER_GLOBAL_ACCENT_COLOR_NAME = AccentColor;
				CODE_SIGN_IDENTITY = "Apple Development";
				CODE_SIGN_STYLE = Automatic;
				CURRENT_PROJECT_VERSION = 1;
				DEVELOPMENT_TEAM = HGHFPQ65N8;
				ENABLE_PREVIEWS = YES;
				GENERATE_INFOPLIST_FILE = YES;
				INFOPLIST_KEY_CFBundleDisplayName = CoreFitnessWatch;
				INFOPLIST_KEY_NSHealthShareUsageDescription = "CoreFitness needs to read your health data to display heart rate, calories burned, and blood oxygen during workouts.";
				INFOPLIST_KEY_NSHealthUpdateUsageDescription = "CoreFitness needs to save your workout data including exercise duration and calories burned.";
				INFOPLIST_KEY_UISupportedInterfaceOrientations = "UIInterfaceOrientationPortrait UIInterfaceOrientationPortraitUpsideDown";
				INFOPLIST_KEY_WKBackgroundModes = "workout-processing";
				INFOPLIST_KEY_WKCompanionAppBundleIdentifier = com.jmillergroup.CoreFitness;
				INFOPLIST_KEY_WKRunsIndependentlyOfCompanionApp = YES;
				INFOPLIST_KEY_WKWatchOnly = NO;
				LD_RUNPATH_SEARCH_PATHS = (
					"$(inherited)",
					"@executable_path/Frameworks",
				);
				MARKETING_VERSION = 1.0;
				PRODUCT_BUNDLE_IDENTIFIER = com.jmillergroup.CoreFitness.watchkitapp;
				PRODUCT_NAME = "$(TARGET_NAME)";
				PROVISIONING_PROFILE_SPECIFIER = "";
				SDKROOT = watchos;
				SKIP_INSTALL = NO;
				STRING_CATALOG_GENERATE_SYMBOLS = YES;
				SUPPORTED_PLATFORMS = "watchos watchsimulator";
				SUPPORTS_MACCATALYST = NO;
				SWIFT_APPROACHABLE_CONCURRENCY = YES;
				SWIFT_DEFAULT_ACTOR_ISOLATION = MainActor;
				SWIFT_EMIT_LOC_STRINGS = YES;
				SWIFT_UPCOMING_FEATURE_MEMBER_IMPORT_VISIBILITY = YES;
				SWIFT_VERSION = 5.0;
				TARGETED_DEVICE_FAMILY = 4;
				WATCHOS_DEPLOYMENT_TARGET = 11.0;
			};
			name = Debug;
		};
		73876A3C2EFAD01800EA8B0C /* Release */ = {
			isa = XCBuildConfiguration;
			buildSettings = {
				ASSETCATALOG_COMPILER_APPICON_NAME = AppIcon;
				ASSETCATALOG_COMPILER_GLOBAL_ACCENT_COLOR_NAME = AccentColor;
				CODE_SIGN_IDENTITY = "Apple Development";
				CODE_SIGN_STYLE = Automatic;
				CURRENT_PROJECT_VERSION = 1;
				DEVELOPMENT_TEAM = HGHFPQ65N8;
				ENABLE_PREVIEWS = YES;
				GENERATE_INFOPLIST_FILE = YES;
				INFOPLIST_KEY_CFBundleDisplayName = CoreFitnessWatch;
				INFOPLIST_KEY_NSHealthShareUsageDescription = "CoreFitness needs to read your health data to display heart rate, calories burned, and blood oxygen during workouts.";
				INFOPLIST_KEY_NSHealthUpdateUsageDescription = "CoreFitness needs to save your workout data including exercise duration and calories burned.";
				INFOPLIST_KEY_UISupportedInterfaceOrientations = "UIInterfaceOrientationPortrait UIInterfaceOrientationPortraitUpsideDown";
				INFOPLIST_KEY_WKBackgroundModes = "workout-processing";
				INFOPLIST_KEY_WKCompanionAppBundleIdentifier = com.jmillergroup.CoreFitness;
				INFOPLIST_KEY_WKRunsIndependentlyOfCompanionApp = YES;
				INFOPLIST_KEY_WKWatchOnly = NO;
				LD_RUNPATH_SEARCH_PATHS = (
					"$(inherited)",
					"@executable_path/Frameworks",
				);
				MARKETING_VERSION = 1.0;
				PRODUCT_BUNDLE_IDENTIFIER = com.jmillergroup.CoreFitness.watchkitapp;
				PRODUCT_NAME = "$(TARGET_NAME)";
				PROVISIONING_PROFILE_SPECIFIER = "";
				SDKROOT = watchos;
				SKIP_INSTALL = NO;
				STRING_CATALOG_GENERATE_SYMBOLS = YES;
				SUPPORTED_PLATFORMS = "watchos watchsimulator";
				SUPPORTS_MACCATALYST = NO;
				SWIFT_APPROACHABLE_CONCURRENCY = YES;
				SWIFT_DEFAULT_ACTOR_ISOLATION = MainActor;
				SWIFT_EMIT_LOC_STRINGS = YES;
				SWIFT_UPCOMING_FEATURE_MEMBER_IMPORT_VISIBILITY = YES;
				SWIFT_VERSION = 5.0;
				TARGETED_DEVICE_FAMILY = 4;
				WATCHOS_DEPLOYMENT_TARGET = 11.0;
			};
			name = Release;
		};
		73876A3F2EFAD01800EA8B0C /* Debug */ = {
			isa = XCBuildConfiguration;
			buildSettings = {
				CODE_SIGN_STYLE = Automatic;
				CURRENT_PROJECT_VERSION = 1;
				DEVELOPMENT_TEAM = HGHFPQ65N8;
				INFOPLIST_KEY_CFBundleDisplayName = CoreFitnessWatch;
				MARKETING_VERSION = 1.0;
				PRODUCT_BUNDLE_IDENTIFIER = com.jmillergroup.CoreFitness.watch;
				PRODUCT_NAME = "$(TARGET_NAME)";
				SWIFT_APPROACHABLE_CONCURRENCY = YES;
				SWIFT_UPCOMING_FEATURE_MEMBER_IMPORT_VISIBILITY = YES;
				SWIFT_VERSION = 5.0;
			};
			name = Debug;
		};
		73876A402EFAD01800EA8B0C /* Release */ = {
			isa = XCBuildConfiguration;
			buildSettings = {
				CODE_SIGN_STYLE = Automatic;
				CURRENT_PROJECT_VERSION = 1;
				DEVELOPMENT_TEAM = HGHFPQ65N8;
				INFOPLIST_KEY_CFBundleDisplayName = CoreFitnessWatch;
				MARKETING_VERSION = 1.0;
				PRODUCT_BUNDLE_IDENTIFIER = com.jmillergroup.CoreFitness.watch;
				PRODUCT_NAME = "$(TARGET_NAME)";
				SWIFT_APPROACHABLE_CONCURRENCY = YES;
				SWIFT_UPCOMING_FEATURE_MEMBER_IMPORT_VISIBILITY = YES;
				SWIFT_VERSION = 5.0;
			};
			name = Release;
		};
		73876A422EFAD01800EA8B0C /* Debug */ = {
			isa = XCBuildConfiguration;
			buildSettings = {
				BUNDLE_LOADER = "$(TEST_HOST)";
				CODE_SIGN_STYLE = Automatic;
				CURRENT_PROJECT_VERSION = 1;
				DEVELOPMENT_TEAM = HGHFPQ65N8;
				GENERATE_INFOPLIST_FILE = YES;
				MARKETING_VERSION = 1.0;
				PRODUCT_BUNDLE_IDENTIFIER = "com.jmillergroup.CoreFitness.watch-Watch-AppTests";
				PRODUCT_NAME = "$(TARGET_NAME)";
				SDKROOT = watchos;
				STRING_CATALOG_GENERATE_SYMBOLS = NO;
				SWIFT_APPROACHABLE_CONCURRENCY = YES;
				SWIFT_EMIT_LOC_STRINGS = NO;
				SWIFT_UPCOMING_FEATURE_MEMBER_IMPORT_VISIBILITY = YES;
				SWIFT_VERSION = 5.0;
				TARGETED_DEVICE_FAMILY = 4;
				TEST_HOST = "$(BUILT_PRODUCTS_DIR)/CoreFitnessWatch Watch App.app/$(BUNDLE_EXECUTABLE_FOLDER_PATH)/CoreFitnessWatch Watch App";
				WATCHOS_DEPLOYMENT_TARGET = 11.0;
			};
			name = Debug;
		};
		73876A432EFAD01800EA8B0C /* Release */ = {
			isa = XCBuildConfiguration;
			buildSettings = {
				BUNDLE_LOADER = "$(TEST_HOST)";
				CODE_SIGN_STYLE = Automatic;
				CURRENT_PROJECT_VERSION = 1;
				DEVELOPMENT_TEAM = HGHFPQ65N8;
				GENERATE_INFOPLIST_FILE = YES;
				MARKETING_VERSION = 1.0;
				PRODUCT_BUNDLE_IDENTIFIER = "com.jmillergroup.CoreFitness.watch-Watch-AppTests";
				PRODUCT_NAME = "$(TARGET_NAME)";
				SDKROOT = watchos;
				STRING_CATALOG_GENERATE_SYMBOLS = NO;
				SWIFT_APPROACHABLE_CONCURRENCY = YES;
				SWIFT_EMIT_LOC_STRINGS = NO;
				SWIFT_UPCOMING_FEATURE_MEMBER_IMPORT_VISIBILITY = YES;
				SWIFT_VERSION = 5.0;
				TARGETED_DEVICE_FAMILY = 4;
				TEST_HOST = "$(BUILT_PRODUCTS_DIR)/CoreFitnessWatch Watch App.app/$(BUNDLE_EXECUTABLE_FOLDER_PATH)/CoreFitnessWatch Watch App";
				WATCHOS_DEPLOYMENT_TARGET = 11.0;
			};
			name = Release;
		};
		73876A452EFAD01800EA8B0C /* Debug */ = {
			isa = XCBuildConfiguration;
			buildSettings = {
				CODE_SIGN_STYLE = Automatic;
				CURRENT_PROJECT_VERSION = 1;
				DEVELOPMENT_TEAM = HGHFPQ65N8;
				GENERATE_INFOPLIST_FILE = YES;
				MARKETING_VERSION = 1.0;
				PRODUCT_BUNDLE_IDENTIFIER = "com.jmillergroup.CoreFitness.watch-Watch-AppUITests";
				PRODUCT_NAME = "$(TARGET_NAME)";
				SDKROOT = watchos;
				STRING_CATALOG_GENERATE_SYMBOLS = NO;
				SWIFT_APPROACHABLE_CONCURRENCY = YES;
				SWIFT_EMIT_LOC_STRINGS = NO;
				SWIFT_UPCOMING_FEATURE_MEMBER_IMPORT_VISIBILITY = YES;
				SWIFT_VERSION = 5.0;
				TARGETED_DEVICE_FAMILY = 4;
				TEST_TARGET_NAME = "CoreFitnessWatch Watch App";
				WATCHOS_DEPLOYMENT_TARGET = 11.0;
			};
			name = Debug;
		};
		73876A462EFAD01800EA8B0C /* Release */ = {
			isa = XCBuildConfiguration;
			buildSettings = {
				CODE_SIGN_STYLE = Automatic;
				CURRENT_PROJECT_VERSION = 1;
				DEVELOPMENT_TEAM = HGHFPQ65N8;
				GENERATE_INFOPLIST_FILE = YES;
				MARKETING_VERSION = 1.0;
				PRODUCT_BUNDLE_IDENTIFIER = "com.jmillergroup.CoreFitness.watch-Watch-AppUITests";
				PRODUCT_NAME = "$(TARGET_NAME)";
				SDKROOT = watchos;
				STRING_CATALOG_GENERATE_SYMBOLS = NO;
				SWIFT_APPROACHABLE_CONCURRENCY = YES;
				SWIFT_EMIT_LOC_STRINGS = NO;
				SWIFT_UPCOMING_FEATURE_MEMBER_IMPORT_VISIBILITY = YES;
				SWIFT_VERSION = 5.0;
				TARGETED_DEVICE_FAMILY = 4;
				TEST_TARGET_NAME = "CoreFitnessWatch Watch App";
				WATCHOS_DEPLOYMENT_TARGET = 11.0;
			};
			name = Release;
		};
		73F1A8072EFB5CF80037175B /* Debug */ = {
			isa = XCBuildConfiguration;
			buildSettings = {
				ASSETCATALOG_COMPILER_GLOBAL_ACCENT_COLOR_NAME = AccentColor;
				ASSETCATALOG_COMPILER_WIDGET_BACKGROUND_COLOR_NAME = WidgetBackground;
				CODE_SIGN_IDENTITY = "Apple Development";
				CODE_SIGN_STYLE = Automatic;
				CURRENT_PROJECT_VERSION = 1;
				DEVELOPMENT_TEAM = HGHFPQ65N8;
				GENERATE_INFOPLIST_FILE = YES;
				INFOPLIST_FILE = CoreFitnessWidgets/Info.plist;
				INFOPLIST_KEY_CFBundleDisplayName = CoreFitnessWidgets;
				INFOPLIST_KEY_NSHumanReadableCopyright = "";
				INFOPLIST_KEY_NSSupportsLiveActivities = YES;
				IPHONEOS_DEPLOYMENT_TARGET = 18.0;
				LD_RUNPATH_SEARCH_PATHS = (
					"$(inherited)",
					"@executable_path/Frameworks",
					"@executable_path/../../Frameworks",
				);
				MARKETING_VERSION = 1.0;
				PRODUCT_BUNDLE_IDENTIFIER = com.jmillergroup.CoreFitness.CoreFitnessWidgets;
				PRODUCT_NAME = "$(TARGET_NAME)";
				SDKROOT = iphoneos;
				SKIP_INSTALL = YES;
				STRING_CATALOG_GENERATE_SYMBOLS = YES;
				SWIFT_APPROACHABLE_CONCURRENCY = YES;
				SWIFT_EMIT_LOC_STRINGS = YES;
				SWIFT_UPCOMING_FEATURE_MEMBER_IMPORT_VISIBILITY = YES;
				SWIFT_VERSION = 5.0;
				TARGETED_DEVICE_FAMILY = "1,2";
			};
			name = Debug;
		};
		73F1A8082EFB5CF80037175B /* Release */ = {
			isa = XCBuildConfiguration;
			buildSettings = {
				ASSETCATALOG_COMPILER_GLOBAL_ACCENT_COLOR_NAME = AccentColor;
				ASSETCATALOG_COMPILER_WIDGET_BACKGROUND_COLOR_NAME = WidgetBackground;
				CODE_SIGN_IDENTITY = "Apple Development";
				CODE_SIGN_STYLE = Automatic;
				CURRENT_PROJECT_VERSION = 1;
				DEVELOPMENT_TEAM = HGHFPQ65N8;
				GENERATE_INFOPLIST_FILE = YES;
				INFOPLIST_FILE = CoreFitnessWidgets/Info.plist;
				INFOPLIST_KEY_CFBundleDisplayName = CoreFitnessWidgets;
				INFOPLIST_KEY_NSHumanReadableCopyright = "";
				INFOPLIST_KEY_NSSupportsLiveActivities = YES;
				IPHONEOS_DEPLOYMENT_TARGET = 18.0;
				LD_RUNPATH_SEARCH_PATHS = (
					"$(inherited)",
					"@executable_path/Frameworks",
					"@executable_path/../../Frameworks",
				);
				MARKETING_VERSION = 1.0;
				PRODUCT_BUNDLE_IDENTIFIER = com.jmillergroup.CoreFitness.CoreFitnessWidgets;
				PRODUCT_NAME = "$(TARGET_NAME)";
				SDKROOT = iphoneos;
				SKIP_INSTALL = YES;
				STRING_CATALOG_GENERATE_SYMBOLS = YES;
				SWIFT_APPROACHABLE_CONCURRENCY = YES;
				SWIFT_EMIT_LOC_STRINGS = YES;
				SWIFT_UPCOMING_FEATURE_MEMBER_IMPORT_VISIBILITY = YES;
				SWIFT_VERSION = 5.0;
				TARGETED_DEVICE_FAMILY = "1,2";
			};
			name = Release;
		};
		A7000002 /* Debug */ = {
			isa = XCBuildConfiguration;
			buildSettings = {
				ALWAYS_SEARCH_USER_PATHS = NO;
				ASSETCATALOG_COMPILER_GENERATE_SWIFT_ASSET_SYMBOL_EXTENSIONS = YES;
				CLANG_ANALYZER_NONNULL = YES;
				CLANG_ANALYZER_NUMBER_OBJECT_CONVERSION = YES_AGGRESSIVE;
				CLANG_CXX_LANGUAGE_STANDARD = "gnu++20";
				CLANG_ENABLE_MODULES = YES;
				CLANG_ENABLE_OBJC_ARC = YES;
				CLANG_ENABLE_OBJC_WEAK = YES;
				CLANG_WARN_BLOCK_CAPTURE_AUTORELEASING = YES;
				CLANG_WARN_BOOL_CONVERSION = YES;
				CLANG_WARN_COMMA = YES;
				CLANG_WARN_CONSTANT_CONVERSION = YES;
				CLANG_WARN_DEPRECATED_OBJC_IMPLEMENTATIONS = YES;
				CLANG_WARN_DIRECT_OBJC_ISA_USAGE = YES_ERROR;
				CLANG_WARN_DOCUMENTATION_COMMENTS = YES;
				CLANG_WARN_EMPTY_BODY = YES;
				CLANG_WARN_ENUM_CONVERSION = YES;
				CLANG_WARN_INFINITE_RECURSION = YES;
				CLANG_WARN_INT_CONVERSION = YES;
				CLANG_WARN_NON_LITERAL_NULL_CONVERSION = YES;
				CLANG_WARN_OBJC_IMPLICIT_RETAIN_SELF = YES;
				CLANG_WARN_OBJC_LITERAL_CONVERSION = YES;
				CLANG_WARN_OBJC_ROOT_CLASS = YES_ERROR;
				CLANG_WARN_QUOTED_INCLUDE_IN_FRAMEWORK_HEADER = YES;
				CLANG_WARN_RANGE_LOOP_ANALYSIS = YES;
				CLANG_WARN_STRICT_PROTOTYPES = YES;
				CLANG_WARN_SUSPICIOUS_MOVE = YES;
				CLANG_WARN_UNGUARDED_AVAILABILITY = YES_AGGRESSIVE;
				CLANG_WARN_UNREACHABLE_CODE = YES;
				CLANG_WARN__DUPLICATE_METHOD_MATCH = YES;
				COPY_PHASE_STRIP = NO;
				DEBUG_INFORMATION_FORMAT = dwarf;
				DEVELOPMENT_TEAM = HGHFPQ65N8;
				ENABLE_STRICT_OBJC_MSGSEND = YES;
				ENABLE_TESTABILITY = YES;
				ENABLE_USER_SCRIPT_SANDBOXING = YES;
				GCC_C_LANGUAGE_STANDARD = gnu17;
				GCC_DYNAMIC_NO_PIC = NO;
				GCC_NO_COMMON_BLOCKS = YES;
				GCC_OPTIMIZATION_LEVEL = 0;
				GCC_PREPROCESSOR_DEFINITIONS = (
					"DEBUG=1",
					"$(inherited)",
				);
				GCC_WARN_64_TO_32_BIT_CONVERSION = YES;
				GCC_WARN_ABOUT_RETURN_TYPE = YES_ERROR;
				GCC_WARN_UNDECLARED_SELECTOR = YES;
				GCC_WARN_UNINITIALIZED_AUTOS = YES_AGGRESSIVE;
				GCC_WARN_UNUSED_FUNCTION = YES;
				GCC_WARN_UNUSED_VARIABLE = YES;
				IPHONEOS_DEPLOYMENT_TARGET = 18.0;
				LOCALIZATION_PREFERS_STRING_CATALOGS = YES;
				MTL_ENABLE_DEBUG_INFO = INCLUDE_SOURCE;
				MTL_FAST_MATH = YES;
				ONLY_ACTIVE_ARCH = YES;
				SDKROOT = iphoneos;
				STRING_CATALOG_GENERATE_SYMBOLS = YES;
				SWIFT_ACTIVE_COMPILATION_CONDITIONS = "DEBUG $(inherited)";
				SWIFT_OPTIMIZATION_LEVEL = "-Onone";
			};
			name = Debug;
		};
		A7000004 /* Release */ = {
			isa = XCBuildConfiguration;
			buildSettings = {
				ALWAYS_SEARCH_USER_PATHS = NO;
				ASSETCATALOG_COMPILER_GENERATE_SWIFT_ASSET_SYMBOL_EXTENSIONS = YES;
				CLANG_ANALYZER_NONNULL = YES;
				CLANG_ANALYZER_NUMBER_OBJECT_CONVERSION = YES_AGGRESSIVE;
				CLANG_CXX_LANGUAGE_STANDARD = "gnu++20";
				CLANG_ENABLE_MODULES = YES;
				CLANG_ENABLE_OBJC_ARC = YES;
				CLANG_ENABLE_OBJC_WEAK = YES;
				CLANG_WARN_BLOCK_CAPTURE_AUTORELEASING = YES;
				CLANG_WARN_BOOL_CONVERSION = YES;
				CLANG_WARN_COMMA = YES;
				CLANG_WARN_CONSTANT_CONVERSION = YES;
				CLANG_WARN_DEPRECATED_OBJC_IMPLEMENTATIONS = YES;
				CLANG_WARN_DIRECT_OBJC_ISA_USAGE = YES_ERROR;
				CLANG_WARN_DOCUMENTATION_COMMENTS = YES;
				CLANG_WARN_EMPTY_BODY = YES;
				CLANG_WARN_ENUM_CONVERSION = YES;
				CLANG_WARN_INFINITE_RECURSION = YES;
				CLANG_WARN_INT_CONVERSION = YES;
				CLANG_WARN_NON_LITERAL_NULL_CONVERSION = YES;
				CLANG_WARN_OBJC_IMPLICIT_RETAIN_SELF = YES;
				CLANG_WARN_OBJC_LITERAL_CONVERSION = YES;
				CLANG_WARN_OBJC_ROOT_CLASS = YES_ERROR;
				CLANG_WARN_QUOTED_INCLUDE_IN_FRAMEWORK_HEADER = YES;
				CLANG_WARN_RANGE_LOOP_ANALYSIS = YES;
				CLANG_WARN_STRICT_PROTOTYPES = YES;
				CLANG_WARN_SUSPICIOUS_MOVE = YES;
				CLANG_WARN_UNGUARDED_AVAILABILITY = YES_AGGRESSIVE;
				CLANG_WARN_UNREACHABLE_CODE = YES;
				CLANG_WARN__DUPLICATE_METHOD_MATCH = YES;
				COPY_PHASE_STRIP = NO;
				DEBUG_INFORMATION_FORMAT = "dwarf-with-dsym";
				DEVELOPMENT_TEAM = HGHFPQ65N8;
				ENABLE_NS_ASSERTIONS = NO;
				ENABLE_STRICT_OBJC_MSGSEND = YES;
				ENABLE_USER_SCRIPT_SANDBOXING = YES;
				GCC_C_LANGUAGE_STANDARD = gnu17;
				GCC_NO_COMMON_BLOCKS = YES;
				GCC_WARN_64_TO_32_BIT_CONVERSION = YES;
				GCC_WARN_ABOUT_RETURN_TYPE = YES_ERROR;
				GCC_WARN_UNDECLARED_SELECTOR = YES;
				GCC_WARN_UNINITIALIZED_AUTOS = YES_AGGRESSIVE;
				GCC_WARN_UNUSED_FUNCTION = YES;
				GCC_WARN_UNUSED_VARIABLE = YES;
				IPHONEOS_DEPLOYMENT_TARGET = 18.0;
				LOCALIZATION_PREFERS_STRING_CATALOGS = YES;
				MTL_ENABLE_DEBUG_INFO = NO;
				MTL_FAST_MATH = YES;
				SDKROOT = iphoneos;
				STRING_CATALOG_GENERATE_SYMBOLS = YES;
				SWIFT_COMPILATION_MODE = wholemodule;
				VALIDATE_PRODUCT = YES;
			};
			name = Release;
		};
		A7000005 /* Debug */ = {
			isa = XCBuildConfiguration;
			buildSettings = {
				ASSETCATALOG_COMPILER_APPICON_NAME = AppIcon;
				ASSETCATALOG_COMPILER_GLOBAL_ACCENT_COLOR_NAME = AccentColor;
				CODE_SIGN_ENTITLEMENTS = CoreFitness/CoreFitness.entitlements;
				CODE_SIGN_STYLE = Automatic;
				CURRENT_PROJECT_VERSION = 1;
				ENABLE_PREVIEWS = YES;
				GENERATE_INFOPLIST_FILE = YES;
				INFOPLIST_FILE = CoreFitness/Info.plist;
				INFOPLIST_KEY_CFBundleDisplayName = CoreFitness;
				INFOPLIST_KEY_LSApplicationCategoryType = "public.app-category.healthcare-fitness";
				INFOPLIST_KEY_UIApplicationSceneManifest_Generation = YES;
				INFOPLIST_KEY_UIApplicationSupportsIndirectInputEvents = YES;
				INFOPLIST_KEY_UILaunchScreen_Generation = YES;
				INFOPLIST_KEY_UISupportedInterfaceOrientations = UIInterfaceOrientationPortrait;
				IPHONEOS_DEPLOYMENT_TARGET = 26.0;
				LD_RUNPATH_SEARCH_PATHS = (
					"$(inherited)",
					"@executable_path/Frameworks",
				);
				MARKETING_VERSION = 1.0;
				PRODUCT_BUNDLE_IDENTIFIER = com.jmillergroup.CoreFitness;
				PRODUCT_NAME = "$(TARGET_NAME)";
				SUPPORTED_PLATFORMS = "iphoneos iphonesimulator";
				SUPPORTS_MACCATALYST = NO;
				SWIFT_EMIT_LOC_STRINGS = YES;
				SWIFT_VERSION = 5.0;
				TARGETED_DEVICE_FAMILY = "1,2";
			};
			name = Debug;
		};
		A7000006 /* Release */ = {
			isa = XCBuildConfiguration;
			buildSettings = {
				ASSETCATALOG_COMPILER_APPICON_NAME = AppIcon;
				ASSETCATALOG_COMPILER_GLOBAL_ACCENT_COLOR_NAME = AccentColor;
				CODE_SIGN_ENTITLEMENTS = CoreFitness/CoreFitness.entitlements;
				CODE_SIGN_STYLE = Automatic;
				CURRENT_PROJECT_VERSION = 1;
				ENABLE_PREVIEWS = YES;
				GENERATE_INFOPLIST_FILE = YES;
				INFOPLIST_FILE = CoreFitness/Info.plist;
				INFOPLIST_KEY_CFBundleDisplayName = CoreFitness;
				INFOPLIST_KEY_LSApplicationCategoryType = "public.app-category.healthcare-fitness";
				INFOPLIST_KEY_UIApplicationSceneManifest_Generation = YES;
				INFOPLIST_KEY_UIApplicationSupportsIndirectInputEvents = YES;
				INFOPLIST_KEY_UILaunchScreen_Generation = YES;
				INFOPLIST_KEY_UISupportedInterfaceOrientations = UIInterfaceOrientationPortrait;
				IPHONEOS_DEPLOYMENT_TARGET = 26.0;
				LD_RUNPATH_SEARCH_PATHS = (
					"$(inherited)",
					"@executable_path/Frameworks",
				);
				MARKETING_VERSION = 1.0;
				PRODUCT_BUNDLE_IDENTIFIER = com.jmillergroup.CoreFitness;
				PRODUCT_NAME = "$(TARGET_NAME)";
				SUPPORTED_PLATFORMS = "iphoneos iphonesimulator";
				SUPPORTS_MACCATALYST = NO;
				SWIFT_EMIT_LOC_STRINGS = YES;
				SWIFT_VERSION = 5.0;
				TARGETED_DEVICE_FAMILY = "1,2";
			};
			name = Release;
		};
/* End XCBuildConfiguration section */

/* Begin XCConfigurationList section */
		73876A3A2EFAD01800EA8B0C /* Build configuration list for PBXNativeTarget "CoreFitnessWatch Watch App" */ = {
			isa = XCConfigurationList;
			buildConfigurations = (
				73876A3B2EFAD01800EA8B0C /* Debug */,
				73876A3C2EFAD01800EA8B0C /* Release */,
			);
			defaultConfigurationIsVisible = 0;
			defaultConfigurationName = Release;
		};
		73876A3E2EFAD01800EA8B0C /* Build configuration list for PBXNativeTarget "CoreFitnessWatch" */ = {
			isa = XCConfigurationList;
			buildConfigurations = (
				73876A3F2EFAD01800EA8B0C /* Debug */,
				73876A402EFAD01800EA8B0C /* Release */,
			);
			defaultConfigurationIsVisible = 0;
			defaultConfigurationName = Release;
		};
		73876A412EFAD01800EA8B0C /* Build configuration list for PBXNativeTarget "CoreFitnessWatch Watch AppTests" */ = {
			isa = XCConfigurationList;
			buildConfigurations = (
				73876A422EFAD01800EA8B0C /* Debug */,
				73876A432EFAD01800EA8B0C /* Release */,
			);
			defaultConfigurationIsVisible = 0;
			defaultConfigurationName = Release;
		};
		73876A442EFAD01800EA8B0C /* Build configuration list for PBXNativeTarget "CoreFitnessWatch Watch AppUITests" */ = {
			isa = XCConfigurationList;
			buildConfigurations = (
				73876A452EFAD01800EA8B0C /* Debug */,
				73876A462EFAD01800EA8B0C /* Release */,
			);
			defaultConfigurationIsVisible = 0;
			defaultConfigurationName = Release;
		};
		73F1A80A2EFB5CF80037175B /* Build configuration list for PBXNativeTarget "CoreFitnessWidgetsExtension" */ = {
			isa = XCConfigurationList;
			buildConfigurations = (
				73F1A8072EFB5CF80037175B /* Debug */,
				73F1A8082EFB5CF80037175B /* Release */,
			);
			defaultConfigurationIsVisible = 0;
			defaultConfigurationName = Release;
		};
		A7000001 /* Build configuration list for PBXProject "CoreFitness" */ = {
			isa = XCConfigurationList;
			buildConfigurations = (
				A7000002 /* Debug */,
				A7000004 /* Release */,
			);
			defaultConfigurationIsVisible = 0;
			defaultConfigurationName = Release;
		};
		A7000003 /* Build configuration list for PBXNativeTarget "CoreFitness" */ = {
			isa = XCConfigurationList;
			buildConfigurations = (
				A7000005 /* Debug */,
				A7000006 /* Release */,
			);
			defaultConfigurationIsVisible = 0;
			defaultConfigurationName = Release;
		};
/* End XCConfigurationList section */
	};
	rootObject = A8000001 /* Project object */;
}
